// !$*UTF8*$!
{
	archiveVersion = 1;
	classes = {
	};
	objectVersion = 74;
	objects = {

/* Begin PBXBuildFile section */
		807EA61B2C5EB188008EE7F3 /* YoutubeDislikes Extension.appex in Embed Foundation Extensions */ = {isa = PBXBuildFile; fileRef = 807EA61A2C5EB188008EE7F3 /* YoutubeDislikes Extension.appex */; settings = {ATTRIBUTES = (RemoveHeadersOnCopy, ); }; };
		807EA6252C5EB188008EE7F3 /* YoutubeDislikes Extension.appex in Embed Foundation Extensions */ = {isa = PBXBuildFile; fileRef = 807EA6242C5EB188008EE7F3 /* YoutubeDislikes Extension.appex */; settings = {ATTRIBUTES = (RemoveHeadersOnCopy, ); }; };
/* End PBXBuildFile section */

/* Begin PBXContainerItemProxy section */
		807EA61C2C5EB188008EE7F3 /* PBXContainerItemProxy */ = {
			isa = PBXContainerItemProxy;
			containerPortal = 807EA5E02C5EB187008EE7F3 /* Project object */;
			proxyType = 1;
			remoteGlobalIDString = 807EA6192C5EB188008EE7F3;
			remoteInfo = "YoutubeDislikes Extension (iOS)";
		};
		807EA6262C5EB188008EE7F3 /* PBXContainerItemProxy */ = {
			isa = PBXContainerItemProxy;
			containerPortal = 807EA5E02C5EB187008EE7F3 /* Project object */;
			proxyType = 1;
			remoteGlobalIDString = 807EA6232C5EB188008EE7F3;
			remoteInfo = "YoutubeDislikes Extension (macOS)";
		};
/* End PBXContainerItemProxy section */

/* Begin PBXCopyFilesBuildPhase section */
		807EA64E2C5EB188008EE7F3 /* Embed Foundation Extensions */ = {
			isa = PBXCopyFilesBuildPhase;
			buildActionMask = 2147483647;
			dstPath = "";
			dstSubfolderSpec = 13;
			files = (
				807EA61B2C5EB188008EE7F3 /* YoutubeDislikes Extension.appex in Embed Foundation Extensions */,
			);
			name = "Embed Foundation Extensions";
			runOnlyForDeploymentPostprocessing = 0;
		};
		807EA65A2C5EB188008EE7F3 /* Embed Foundation Extensions */ = {
			isa = PBXCopyFilesBuildPhase;
			buildActionMask = 2147483647;
			dstPath = "";
			dstSubfolderSpec = 13;
			files = (
				807EA6252C5EB188008EE7F3 /* YoutubeDislikes Extension.appex in Embed Foundation Extensions */,
			);
			name = "Embed Foundation Extensions";
			runOnlyForDeploymentPostprocessing = 0;
		};
/* End PBXCopyFilesBuildPhase section */

/* Begin PBXFileReference section */
		807EA5FC2C5EB188008EE7F3 /* YoutubeDislikes.app */ = {isa = PBXFileReference; explicitFileType = wrapper.application; includeInIndex = 0; path = YoutubeDislikes.app; sourceTree = BUILT_PRODUCTS_DIR; };
		807EA60E2C5EB188008EE7F3 /* YoutubeDislikes.app */ = {isa = PBXFileReference; explicitFileType = wrapper.application; includeInIndex = 0; path = YoutubeDislikes.app; sourceTree = BUILT_PRODUCTS_DIR; };
		807EA61A2C5EB188008EE7F3 /* YoutubeDislikes Extension.appex */ = {isa = PBXFileReference; explicitFileType = "wrapper.app-extension"; includeInIndex = 0; path = "YoutubeDislikes Extension.appex"; sourceTree = BUILT_PRODUCTS_DIR; };
		807EA6242C5EB188008EE7F3 /* YoutubeDislikes Extension.appex */ = {isa = PBXFileReference; explicitFileType = "wrapper.app-extension"; includeInIndex = 0; path = "YoutubeDislikes Extension.appex"; sourceTree = BUILT_PRODUCTS_DIR; };
		807EA66D2C5F124F008EE7F3 /* YoutubeDislikes (iOS).entitlements */ = {isa = PBXFileReference; lastKnownFileType = text.plist.entitlements; path = "YoutubeDislikes (iOS).entitlements"; sourceTree = "<group>"; };
/* End PBXFileReference section */

/* Begin PBXFileSystemSynchronizedBuildFileExceptionSet section */
		807EA6492C5EB188008EE7F3 /* PBXFileSystemSynchronizedBuildFileExceptionSet */ = {
			isa = PBXFileSystemSynchronizedBuildFileExceptionSet;
			membershipExceptions = (
				/Localized/Main.html,
				Assets.xcassets,
				Resources/Icon.png,
				Resources/Script.js,
				Resources/Style.css,
				ViewController.swift,
			);
			target = 807EA5FB2C5EB188008EE7F3 /* YoutubeDislikes (iOS) */;
		};
		807EA64D2C5EB188008EE7F3 /* PBXFileSystemSynchronizedBuildFileExceptionSet */ = {
			isa = PBXFileSystemSynchronizedBuildFileExceptionSet;
			membershipExceptions = (
				Info.plist,
			);
			target = 807EA6192C5EB188008EE7F3 /* YoutubeDislikes Extension (iOS) */;
		};
		807EA6522C5EB188008EE7F3 /* PBXFileSystemSynchronizedBuildFileExceptionSet */ = {
			isa = PBXFileSystemSynchronizedBuildFileExceptionSet;
			membershipExceptions = (
				/Localized/LaunchScreen.storyboard,
				/Localized/Main.storyboard,
				Info.plist,
			);
			target = 807EA5FB2C5EB188008EE7F3 /* YoutubeDislikes (iOS) */;
		};
		807EA6552C5EB188008EE7F3 /* PBXFileSystemSynchronizedBuildFileExceptionSet */ = {
			isa = PBXFileSystemSynchronizedBuildFileExceptionSet;
			membershipExceptions = (
				/Localized/Main.html,
				Assets.xcassets,
				Resources/Icon.png,
				Resources/Script.js,
				Resources/Style.css,
				ViewController.swift,
			);
			target = 807EA60D2C5EB188008EE7F3 /* YoutubeDislikes (macOS) */;
		};
		807EA6592C5EB188008EE7F3 /* PBXFileSystemSynchronizedBuildFileExceptionSet */ = {
			isa = PBXFileSystemSynchronizedBuildFileExceptionSet;
			membershipExceptions = (
				Info.plist,
			);
			target = 807EA6232C5EB188008EE7F3 /* YoutubeDislikes Extension (macOS) */;
		};
		807EA65E2C5EB188008EE7F3 /* PBXFileSystemSynchronizedBuildFileExceptionSet */ = {
			isa = PBXFileSystemSynchronizedBuildFileExceptionSet;
			membershipExceptions = (
				/Localized/Main.storyboard,
			);
			target = 807EA60D2C5EB188008EE7F3 /* YoutubeDislikes (macOS) */;
		};
		807EA6612C5EB188008EE7F3 /* PBXFileSystemSynchronizedBuildFileExceptionSet */ = {
			isa = PBXFileSystemSynchronizedBuildFileExceptionSet;
			membershipExceptions = (
				Resources/_locales,
				Resources/content.js,
				Resources/images,
				Resources/manifest.json,
				Resources/popup.css,
				Resources/popup.html,
				Resources/popup.js,
				SafariWebExtensionHandler.swift,
			);
			target = 807EA6192C5EB188008EE7F3 /* YoutubeDislikes Extension (iOS) */;
		};
		807EA6622C5EB188008EE7F3 /* PBXFileSystemSynchronizedBuildFileExceptionSet */ = {
			isa = PBXFileSystemSynchronizedBuildFileExceptionSet;
			membershipExceptions = (
				Resources/_locales,
				Resources/content.js,
				Resources/images,
				Resources/manifest.json,
				Resources/popup.css,
				Resources/popup.html,
				Resources/popup.js,
				SafariWebExtensionHandler.swift,
			);
			target = 807EA6232C5EB188008EE7F3 /* YoutubeDislikes Extension (macOS) */;
		};
/* End PBXFileSystemSynchronizedBuildFileExceptionSet section */

/* Begin PBXFileSystemSynchronizedGroupBuildPhaseMembershipExceptionSet section */
		807EA6532C5EB188008EE7F3 /* PBXFileSystemSynchronizedGroupBuildPhaseMembershipExceptionSet */ = {
			isa = PBXFileSystemSynchronizedGroupBuildPhaseMembershipExceptionSet;
			buildPhase = 807EA5FA2C5EB188008EE7F3 /* Resources */;
			membershipExceptions = (
				Base.lproj/LaunchScreen.storyboard,
				Base.lproj/Main.storyboard,
			);
		};
		807EA65F2C5EB188008EE7F3 /* PBXFileSystemSynchronizedGroupBuildPhaseMembershipExceptionSet */ = {
			isa = PBXFileSystemSynchronizedGroupBuildPhaseMembershipExceptionSet;
			buildPhase = 807EA60C2C5EB188008EE7F3 /* Resources */;
			membershipExceptions = (
				Base.lproj/Main.storyboard,
			);
		};
/* End PBXFileSystemSynchronizedGroupBuildPhaseMembershipExceptionSet section */

/* Begin PBXFileSystemSynchronizedRootGroup section */
		807EA5E42C5EB187008EE7F3 /* Shared (App) */ = {isa = PBXFileSystemSynchronizedRootGroup; exceptions = (807EA6492C5EB188008EE7F3 /* PBXFileSystemSynchronizedBuildFileExceptionSet */, 807EA6552C5EB188008EE7F3 /* PBXFileSystemSynchronizedBuildFileExceptionSet */, ); explicitFileTypes = {}; explicitFolders = (); path = "Shared (App)"; sourceTree = "<group>"; };
		807EA5ED2C5EB188008EE7F3 /* Shared (Extension) */ = {isa = PBXFileSystemSynchronizedRootGroup; exceptions = (807EA6612C5EB188008EE7F3 /* PBXFileSystemSynchronizedBuildFileExceptionSet */, 807EA6622C5EB188008EE7F3 /* PBXFileSystemSynchronizedBuildFileExceptionSet */, ); explicitFileTypes = {}; explicitFolders = (Resources/_locales, Resources/images, ); path = "Shared (Extension)"; sourceTree = "<group>"; };
		807EA5FE2C5EB188008EE7F3 /* iOS (App) */ = {isa = PBXFileSystemSynchronizedRootGroup; exceptions = (807EA6522C5EB188008EE7F3 /* PBXFileSystemSynchronizedBuildFileExceptionSet */, 807EA6532C5EB188008EE7F3 /* PBXFileSystemSynchronizedGroupBuildPhaseMembershipExceptionSet */, ); explicitFileTypes = {}; explicitFolders = (); path = "iOS (App)"; sourceTree = "<group>"; };
		807EA60F2C5EB188008EE7F3 /* macOS (App) */ = {isa = PBXFileSystemSynchronizedRootGroup; exceptions = (807EA65E2C5EB188008EE7F3 /* PBXFileSystemSynchronizedBuildFileExceptionSet */, 807EA65F2C5EB188008EE7F3 /* PBXFileSystemSynchronizedGroupBuildPhaseMembershipExceptionSet */, ); explicitFileTypes = {}; explicitFolders = (); path = "macOS (App)"; sourceTree = "<group>"; };
		807EA61E2C5EB188008EE7F3 /* iOS (Extension) */ = {isa = PBXFileSystemSynchronizedRootGroup; exceptions = (807EA64D2C5EB188008EE7F3 /* PBXFileSystemSynchronizedBuildFileExceptionSet */, ); explicitFileTypes = {}; explicitFolders = (); path = "iOS (Extension)"; sourceTree = "<group>"; };
		807EA6282C5EB188008EE7F3 /* macOS (Extension) */ = {isa = PBXFileSystemSynchronizedRootGroup; exceptions = (807EA6592C5EB188008EE7F3 /* PBXFileSystemSynchronizedBuildFileExceptionSet */, ); explicitFileTypes = {}; explicitFolders = (); path = "macOS (Extension)"; sourceTree = "<group>"; };
/* End PBXFileSystemSynchronizedRootGroup section */

/* Begin PBXFrameworksBuildPhase section */
		807EA5F92C5EB188008EE7F3 /* Frameworks */ = {
			isa = PBXFrameworksBuildPhase;
			buildActionMask = 2147483647;
			files = (
			);
			runOnlyForDeploymentPostprocessing = 0;
		};
		807EA60B2C5EB188008EE7F3 /* Frameworks */ = {
			isa = PBXFrameworksBuildPhase;
			buildActionMask = 2147483647;
			files = (
			);
			runOnlyForDeploymentPostprocessing = 0;
		};
		807EA6172C5EB188008EE7F3 /* Frameworks */ = {
			isa = PBXFrameworksBuildPhase;
			buildActionMask = 2147483647;
			files = (
			);
			runOnlyForDeploymentPostprocessing = 0;
		};
		807EA6212C5EB188008EE7F3 /* Frameworks */ = {
			isa = PBXFrameworksBuildPhase;
			buildActionMask = 2147483647;
			files = (
			);
			runOnlyForDeploymentPostprocessing = 0;
		};
/* End PBXFrameworksBuildPhase section */

/* Begin PBXGroup section */
		807EA5DF2C5EB187008EE7F3 = {
			isa = PBXGroup;
			children = (
				807EA66D2C5F124F008EE7F3 /* YoutubeDislikes (iOS).entitlements */,
				807EA5E42C5EB187008EE7F3 /* Shared (App) */,
				807EA5ED2C5EB188008EE7F3 /* Shared (Extension) */,
				807EA5FE2C5EB188008EE7F3 /* iOS (App) */,
				807EA60F2C5EB188008EE7F3 /* macOS (App) */,
				807EA61E2C5EB188008EE7F3 /* iOS (Extension) */,
				807EA6282C5EB188008EE7F3 /* macOS (Extension) */,
				807EA5FD2C5EB188008EE7F3 /* Products */,
			);
			sourceTree = "<group>";
		};
		807EA5FD2C5EB188008EE7F3 /* Products */ = {
			isa = PBXGroup;
			children = (
				807EA5FC2C5EB188008EE7F3 /* YoutubeDislikes.app */,
				807EA60E2C5EB188008EE7F3 /* YoutubeDislikes.app */,
				807EA61A2C5EB188008EE7F3 /* YoutubeDislikes Extension.appex */,
				807EA6242C5EB188008EE7F3 /* YoutubeDislikes Extension.appex */,
			);
			name = Products;
			sourceTree = "<group>";
		};
/* End PBXGroup section */

/* Begin PBXNativeTarget section */
		807EA5FB2C5EB188008EE7F3 /* YoutubeDislikes (iOS) */ = {
			isa = PBXNativeTarget;
			buildConfigurationList = 807EA64F2C5EB188008EE7F3 /* Build configuration list for PBXNativeTarget "YoutubeDislikes (iOS)" */;
			buildPhases = (
				807EA5F82C5EB188008EE7F3 /* Sources */,
				807EA5F92C5EB188008EE7F3 /* Frameworks */,
				807EA5FA2C5EB188008EE7F3 /* Resources */,
				807EA64E2C5EB188008EE7F3 /* Embed Foundation Extensions */,
			);
			buildRules = (
			);
			dependencies = (
				807EA61D2C5EB188008EE7F3 /* PBXTargetDependency */,
			);
			fileSystemSynchronizedGroups = (
				807EA5FE2C5EB188008EE7F3 /* iOS (App) */,
			);
			name = "YoutubeDislikes (iOS)";
			packageProductDependencies = (
			);
			productName = "YoutubeDislikes (iOS)";
			productReference = 807EA5FC2C5EB188008EE7F3 /* YoutubeDislikes.app */;
			productType = "com.apple.product-type.application";
		};
		807EA60D2C5EB188008EE7F3 /* YoutubeDislikes (macOS) */ = {
			isa = PBXNativeTarget;
			buildConfigurationList = 807EA65B2C5EB188008EE7F3 /* Build configuration list for PBXNativeTarget "YoutubeDislikes (macOS)" */;
			buildPhases = (
				807EA60A2C5EB188008EE7F3 /* Sources */,
				807EA60B2C5EB188008EE7F3 /* Frameworks */,
				807EA60C2C5EB188008EE7F3 /* Resources */,
				807EA65A2C5EB188008EE7F3 /* Embed Foundation Extensions */,
			);
			buildRules = (
			);
			dependencies = (
				807EA6272C5EB188008EE7F3 /* PBXTargetDependency */,
			);
			fileSystemSynchronizedGroups = (
				807EA60F2C5EB188008EE7F3 /* macOS (App) */,
			);
			name = "YoutubeDislikes (macOS)";
			packageProductDependencies = (
			);
			productName = "YoutubeDislikes (macOS)";
			productReference = 807EA60E2C5EB188008EE7F3 /* YoutubeDislikes.app */;
			productType = "com.apple.product-type.application";
		};
		807EA6192C5EB188008EE7F3 /* YoutubeDislikes Extension (iOS) */ = {
			isa = PBXNativeTarget;
			buildConfigurationList = 807EA64A2C5EB188008EE7F3 /* Build configuration list for PBXNativeTarget "YoutubeDislikes Extension (iOS)" */;
			buildPhases = (
				807EA6162C5EB188008EE7F3 /* Sources */,
				807EA6172C5EB188008EE7F3 /* Frameworks */,
				807EA6182C5EB188008EE7F3 /* Resources */,
			);
			buildRules = (
			);
			dependencies = (
			);
			fileSystemSynchronizedGroups = (
				807EA61E2C5EB188008EE7F3 /* iOS (Extension) */,
			);
			name = "YoutubeDislikes Extension (iOS)";
			packageProductDependencies = (
			);
			productName = "YoutubeDislikes Extension (iOS)";
			productReference = 807EA61A2C5EB188008EE7F3 /* YoutubeDislikes Extension.appex */;
			productType = "com.apple.product-type.app-extension";
		};
		807EA6232C5EB188008EE7F3 /* YoutubeDislikes Extension (macOS) */ = {
			isa = PBXNativeTarget;
			buildConfigurationList = 807EA6562C5EB188008EE7F3 /* Build configuration list for PBXNativeTarget "YoutubeDislikes Extension (macOS)" */;
			buildPhases = (
				807EA6202C5EB188008EE7F3 /* Sources */,
				807EA6212C5EB188008EE7F3 /* Frameworks */,
				807EA6222C5EB188008EE7F3 /* Resources */,
			);
			buildRules = (
			);
			dependencies = (
			);
			fileSystemSynchronizedGroups = (
				807EA6282C5EB188008EE7F3 /* macOS (Extension) */,
			);
			name = "YoutubeDislikes Extension (macOS)";
			packageProductDependencies = (
			);
			productName = "YoutubeDislikes Extension (macOS)";
			productReference = 807EA6242C5EB188008EE7F3 /* YoutubeDislikes Extension.appex */;
			productType = "com.apple.product-type.app-extension";
		};
/* End PBXNativeTarget section */

/* Begin PBXProject section */
		807EA5E02C5EB187008EE7F3 /* Project object */ = {
			isa = PBXProject;
			attributes = {
				BuildIndependentTargetsInParallel = 1;
				LastSwiftUpdateCheck = 1600;
				LastUpgradeCheck = 1600;
				TargetAttributes = {
					807EA5FB2C5EB188008EE7F3 = {
						CreatedOnToolsVersion = 16.0;
					};
					807EA60D2C5EB188008EE7F3 = {
						CreatedOnToolsVersion = 16.0;
					};
					807EA6192C5EB188008EE7F3 = {
						CreatedOnToolsVersion = 16.0;
					};
					807EA6232C5EB188008EE7F3 = {
						CreatedOnToolsVersion = 16.0;
					};
				};
			};
			buildConfigurationList = 807EA5E32C5EB187008EE7F3 /* Build configuration list for PBXProject "YoutubeDislikes" */;
			developmentRegion = en;
			hasScannedForEncodings = 0;
			knownRegions = (
				en,
				Base,
			);
			mainGroup = 807EA5DF2C5EB187008EE7F3;
			preferredProjectObjectVersion = 56;
			productRefGroup = 807EA5FD2C5EB188008EE7F3 /* Products */;
			projectDirPath = "";
			projectRoot = "";
			targets = (
				807EA5FB2C5EB188008EE7F3 /* YoutubeDislikes (iOS) */,
				807EA60D2C5EB188008EE7F3 /* YoutubeDislikes (macOS) */,
				807EA6192C5EB188008EE7F3 /* YoutubeDislikes Extension (iOS) */,
				807EA6232C5EB188008EE7F3 /* YoutubeDislikes Extension (macOS) */,
			);
		};
/* End PBXProject section */

/* Begin PBXResourcesBuildPhase section */
		807EA5FA2C5EB188008EE7F3 /* Resources */ = {
			isa = PBXResourcesBuildPhase;
			buildActionMask = 2147483647;
			files = (
			);
			runOnlyForDeploymentPostprocessing = 0;
		};
		807EA60C2C5EB188008EE7F3 /* Resources */ = {
			isa = PBXResourcesBuildPhase;
			buildActionMask = 2147483647;
			files = (
			);
			runOnlyForDeploymentPostprocessing = 0;
		};
		807EA6182C5EB188008EE7F3 /* Resources */ = {
			isa = PBXResourcesBuildPhase;
			buildActionMask = 2147483647;
			files = (
			);
			runOnlyForDeploymentPostprocessing = 0;
		};
		807EA6222C5EB188008EE7F3 /* Resources */ = {
			isa = PBXResourcesBuildPhase;
			buildActionMask = 2147483647;
			files = (
			);
			runOnlyForDeploymentPostprocessing = 0;
		};
/* End PBXResourcesBuildPhase section */

/* Begin PBXSourcesBuildPhase section */
		807EA5F82C5EB188008EE7F3 /* Sources */ = {
			isa = PBXSourcesBuildPhase;
			buildActionMask = 2147483647;
			files = (
			);
			runOnlyForDeploymentPostprocessing = 0;
		};
		807EA60A2C5EB188008EE7F3 /* Sources */ = {
			isa = PBXSourcesBuildPhase;
			buildActionMask = 2147483647;
			files = (
			);
			runOnlyForDeploymentPostprocessing = 0;
		};
		807EA6162C5EB188008EE7F3 /* Sources */ = {
			isa = PBXSourcesBuildPhase;
			buildActionMask = 2147483647;
			files = (
			);
			runOnlyForDeploymentPostprocessing = 0;
		};
		807EA6202C5EB188008EE7F3 /* Sources */ = {
			isa = PBXSourcesBuildPhase;
			buildActionMask = 2147483647;
			files = (
			);
			runOnlyForDeploymentPostprocessing = 0;
		};
/* End PBXSourcesBuildPhase section */

/* Begin PBXTargetDependency section */
		807EA61D2C5EB188008EE7F3 /* PBXTargetDependency */ = {
			isa = PBXTargetDependency;
			target = 807EA6192C5EB188008EE7F3 /* YoutubeDislikes Extension (iOS) */;
			targetProxy = 807EA61C2C5EB188008EE7F3 /* PBXContainerItemProxy */;
		};
		807EA6272C5EB188008EE7F3 /* PBXTargetDependency */ = {
			isa = PBXTargetDependency;
			target = 807EA6232C5EB188008EE7F3 /* YoutubeDislikes Extension (macOS) */;
			targetProxy = 807EA6262C5EB188008EE7F3 /* PBXContainerItemProxy */;
		};
/* End PBXTargetDependency section */

/* Begin XCBuildConfiguration section */
		807EA64B2C5EB188008EE7F3 /* Debug */ = {
			isa = XCBuildConfiguration;
			buildSettings = {
				CODE_SIGN_STYLE = Automatic;
				CURRENT_PROJECT_VERSION = 1;
				DEVELOPMENT_TEAM = 89625ZHN6X;
				GENERATE_INFOPLIST_FILE = YES;
				INFOPLIST_FILE = "iOS (Extension)/Info.plist";
				INFOPLIST_KEY_CFBundleDisplayName = "YoutubeDislikes Extension";
				INFOPLIST_KEY_NSHumanReadableCopyright = "";
				IPHONEOS_DEPLOYMENT_TARGET = 15.0;
				LD_RUNPATH_SEARCH_PATHS = (
					"$(inherited)",
					"@executable_path/Frameworks",
					"@executable_path/../../Frameworks",
				);
				MARKETING_VERSION = 1.0;
				OTHER_LDFLAGS = (
					"-framework",
					SafariServices,
				);
				PRODUCT_BUNDLE_IDENTIFIER = com.kibbewater.YoutubeDislikes.Extension;
				PRODUCT_NAME = "YoutubeDislikes Extension";
				SDKROOT = iphoneos;
				SKIP_INSTALL = YES;
				SWIFT_EMIT_LOC_STRINGS = YES;
				SWIFT_VERSION = 5.0;
				TARGETED_DEVICE_FAMILY = "1,2";
			};
			name = Debug;
		};
		807EA64C2C5EB188008EE7F3 /* Release */ = {
			isa = XCBuildConfiguration;
			buildSettings = {
				CODE_SIGN_STYLE = Automatic;
				CURRENT_PROJECT_VERSION = 1;
				DEVELOPMENT_TEAM = 89625ZHN6X;
				GENERATE_INFOPLIST_FILE = YES;
				INFOPLIST_FILE = "iOS (Extension)/Info.plist";
				INFOPLIST_KEY_CFBundleDisplayName = "YoutubeDislikes Extension";
				INFOPLIST_KEY_NSHumanReadableCopyright = "";
				IPHONEOS_DEPLOYMENT_TARGET = 15.0;
				LD_RUNPATH_SEARCH_PATHS = (
					"$(inherited)",
					"@executable_path/Frameworks",
					"@executable_path/../../Frameworks",
				);
				MARKETING_VERSION = 1.0;
				OTHER_LDFLAGS = (
					"-framework",
					SafariServices,
				);
				PRODUCT_BUNDLE_IDENTIFIER = com.kibbewater.YoutubeDislikes.Extension;
				PRODUCT_NAME = "YoutubeDislikes Extension";
				SDKROOT = iphoneos;
				SKIP_INSTALL = YES;
				SWIFT_EMIT_LOC_STRINGS = YES;
				SWIFT_VERSION = 5.0;
				TARGETED_DEVICE_FAMILY = "1,2";
				VALIDATE_PRODUCT = YES;
			};
			name = Release;
		};
		807EA6502C5EB188008EE7F3 /* Debug */ = {
			isa = XCBuildConfiguration;
			buildSettings = {
				ASSETCATALOG_COMPILER_APPICON_NAME = AppIcon;
				ASSETCATALOG_COMPILER_GLOBAL_ACCENT_COLOR_NAME = AccentColor;
				CODE_SIGN_ENTITLEMENTS = "YoutubeDislikes (iOS).entitlements";
				CODE_SIGN_STYLE = Automatic;
				CURRENT_PROJECT_VERSION = 1;
				DEVELOPMENT_TEAM = 89625ZHN6X;
				GENERATE_INFOPLIST_FILE = YES;
				INFOPLIST_FILE = "iOS (App)/Info.plist";
				INFOPLIST_KEY_CFBundleDisplayName = "Youtube Dislikes";
				INFOPLIST_KEY_LSApplicationCategoryType = "public.app-category.utilities";
				INFOPLIST_KEY_UIApplicationSupportsIndirectInputEvents = YES;
				INFOPLIST_KEY_UILaunchStoryboardName = LaunchScreen;
				INFOPLIST_KEY_UIMainStoryboardFile = Main;
				INFOPLIST_KEY_UISupportedInterfaceOrientations = "UIInterfaceOrientationPortrait UIInterfaceOrientationLandscapeLeft UIInterfaceOrientationLandscapeRight";
				INFOPLIST_KEY_UISupportedInterfaceOrientations_iPad = "UIInterfaceOrientationPortrait UIInterfaceOrientationPortraitUpsideDown UIInterfaceOrientationLandscapeLeft UIInterfaceOrientationLandscapeRight";
				IPHONEOS_DEPLOYMENT_TARGET = 15.0;
				LD_RUNPATH_SEARCH_PATHS = (
					"$(inherited)",
					"@executable_path/Frameworks",
				);
				MARKETING_VERSION = 1.0;
				OTHER_LDFLAGS = (
					"-framework",
					SafariServices,
					"-framework",
					WebKit,
				);
				PRODUCT_BUNDLE_IDENTIFIER = com.kibbewater.YoutubeDislikes;
				PRODUCT_NAME = YoutubeDislikes;
				SDKROOT = iphoneos;
				SWIFT_EMIT_LOC_STRINGS = YES;
				SWIFT_VERSION = 5.0;
				TARGETED_DEVICE_FAMILY = "1,2";
			};
			name = Debug;
		};
		807EA6512C5EB188008EE7F3 /* Release */ = {
			isa = XCBuildConfiguration;
			buildSettings = {
				ASSETCATALOG_COMPILER_APPICON_NAME = AppIcon;
				ASSETCATALOG_COMPILER_GLOBAL_ACCENT_COLOR_NAME = AccentColor;
				CODE_SIGN_ENTITLEMENTS = "YoutubeDislikes (iOS).entitlements";
				CODE_SIGN_STYLE = Automatic;
				CURRENT_PROJECT_VERSION = 1;
				DEVELOPMENT_TEAM = 89625ZHN6X;
				GENERATE_INFOPLIST_FILE = YES;
				INFOPLIST_FILE = "iOS (App)/Info.plist";
				INFOPLIST_KEY_CFBundleDisplayName = "Youtube Dislikes";
				INFOPLIST_KEY_LSApplicationCategoryType = "public.app-category.utilities";
				INFOPLIST_KEY_UIApplicationSupportsIndirectInputEvents = YES;
				INFOPLIST_KEY_UILaunchStoryboardName = LaunchScreen;
				INFOPLIST_KEY_UIMainStoryboardFile = Main;
				INFOPLIST_KEY_UISupportedInterfaceOrientations = "UIInterfaceOrientationPortrait UIInterfaceOrientationLandscapeLeft UIInterfaceOrientationLandscapeRight";
				INFOPLIST_KEY_UISupportedInterfaceOrientations_iPad = "UIInterfaceOrientationPortrait UIInterfaceOrientationPortraitUpsideDown UIInterfaceOrientationLandscapeLeft UIInterfaceOrientationLandscapeRight";
				IPHONEOS_DEPLOYMENT_TARGET = 15.0;
				LD_RUNPATH_SEARCH_PATHS = (
					"$(inherited)",
					"@executable_path/Frameworks",
				);
				MARKETING_VERSION = 1.0;
				OTHER_LDFLAGS = (
					"-framework",
					SafariServices,
					"-framework",
					WebKit,
				);
				PRODUCT_BUNDLE_IDENTIFIER = com.kibbewater.YoutubeDislikes;
				PRODUCT_NAME = YoutubeDislikes;
				SDKROOT = iphoneos;
				SWIFT_EMIT_LOC_STRINGS = YES;
				SWIFT_VERSION = 5.0;
				TARGETED_DEVICE_FAMILY = "1,2";
				VALIDATE_PRODUCT = YES;
			};
			name = Release;
		};
		807EA6572C5EB188008EE7F3 /* Debug */ = {
			isa = XCBuildConfiguration;
			buildSettings = {
				CODE_SIGN_ENTITLEMENTS = "macOS (Extension)/YoutubeDislikes.entitlements";
				"CODE_SIGN_IDENTITY[sdk=macosx*]" = "Apple Development";
				CODE_SIGN_STYLE = Automatic;
				CURRENT_PROJECT_VERSION = 1;
				DEVELOPMENT_TEAM = 89625ZHN6X;
				ENABLE_HARDENED_RUNTIME = YES;
				GENERATE_INFOPLIST_FILE = YES;
				INFOPLIST_FILE = "macOS (Extension)/Info.plist";
				INFOPLIST_KEY_CFBundleDisplayName = "YoutubeDislikes Extension";
				INFOPLIST_KEY_NSHumanReadableCopyright = "";
				LD_RUNPATH_SEARCH_PATHS = (
					"$(inherited)",
					"@executable_path/../Frameworks",
					"@executable_path/../../../../Frameworks",
				);
				MACOSX_DEPLOYMENT_TARGET = 10.14;
				MARKETING_VERSION = 1.0;
				OTHER_LDFLAGS = (
					"-framework",
					SafariServices,
				);
				PRODUCT_BUNDLE_IDENTIFIER = com.kibbewater.YoutubeDislikes.Extension;
				PRODUCT_NAME = "YoutubeDislikes Extension";
				SDKROOT = macosx;
				SKIP_INSTALL = YES;
				SWIFT_EMIT_LOC_STRINGS = YES;
				SWIFT_VERSION = 5.0;
			};
			name = Debug;
		};
		807EA6582C5EB188008EE7F3 /* Release */ = {
			isa = XCBuildConfiguration;
			buildSettings = {
				CODE_SIGN_ENTITLEMENTS = "macOS (Extension)/YoutubeDislikes.entitlements";
				"CODE_SIGN_IDENTITY[sdk=macosx*]" = "Apple Development";
				CODE_SIGN_STYLE = Automatic;
				CURRENT_PROJECT_VERSION = 1;
				DEVELOPMENT_TEAM = 89625ZHN6X;
				ENABLE_HARDENED_RUNTIME = YES;
				GENERATE_INFOPLIST_FILE = YES;
				INFOPLIST_FILE = "macOS (Extension)/Info.plist";
				INFOPLIST_KEY_CFBundleDisplayName = "YoutubeDislikes Extension";
				INFOPLIST_KEY_NSHumanReadableCopyright = "";
				LD_RUNPATH_SEARCH_PATHS = (
					"$(inherited)",
					"@executable_path/../Frameworks",
					"@executable_path/../../../../Frameworks",
				);
				MACOSX_DEPLOYMENT_TARGET = 10.14;
				MARKETING_VERSION = 1.0;
				OTHER_LDFLAGS = (
					"-framework",
					SafariServices,
				);
				PRODUCT_BUNDLE_IDENTIFIER = com.kibbewater.YoutubeDislikes.Extension;
				PRODUCT_NAME = "YoutubeDislikes Extension";
				SDKROOT = macosx;
				SKIP_INSTALL = YES;
				SWIFT_EMIT_LOC_STRINGS = YES;
				SWIFT_VERSION = 5.0;
			};
			name = Release;
		};
		807EA65C2C5EB188008EE7F3 /* Debug */ = {
			isa = XCBuildConfiguration;
			buildSettings = {
				ASSETCATALOG_COMPILER_APPICON_NAME = AppIcon;
				ASSETCATALOG_COMPILER_GLOBAL_ACCENT_COLOR_NAME = AccentColor;
				CODE_SIGN_ENTITLEMENTS = "macOS (App)/YoutubeDislikes.entitlements";
				"CODE_SIGN_IDENTITY[sdk=macosx*]" = "Apple Development";
				CODE_SIGN_STYLE = Automatic;
				CURRENT_PROJECT_VERSION = 1;
				DEVELOPMENT_TEAM = 89625ZHN6X;
				ENABLE_HARDENED_RUNTIME = YES;
				GENERATE_INFOPLIST_FILE = YES;
				INFOPLIST_KEY_CFBundleDisplayName = "Youtube Dislikes";
				INFOPLIST_KEY_LSApplicationCategoryType = "public.app-category.utilities";
				INFOPLIST_KEY_NSMainStoryboardFile = Main;
				INFOPLIST_KEY_NSPrincipalClass = NSApplication;
				LD_RUNPATH_SEARCH_PATHS = (
					"$(inherited)",
					"@executable_path/../Frameworks",
				);
				MACOSX_DEPLOYMENT_TARGET = 10.14;
				MARKETING_VERSION = 1.0;
				OTHER_LDFLAGS = (
					"-framework",
					SafariServices,
					"-framework",
					WebKit,
				);
				PRODUCT_BUNDLE_IDENTIFIER = com.kibbewater.YoutubeDislikes;
				PRODUCT_NAME = YoutubeDislikes;
				SDKROOT = macosx;
				SWIFT_EMIT_LOC_STRINGS = YES;
				SWIFT_VERSION = 5.0;
			};
			name = Debug;
		};
		807EA65D2C5EB188008EE7F3 /* Release */ = {
			isa = XCBuildConfiguration;
			buildSettings = {
				ASSETCATALOG_COMPILER_APPICON_NAME = AppIcon;
				ASSETCATALOG_COMPILER_GLOBAL_ACCENT_COLOR_NAME = AccentColor;
				CODE_SIGN_ENTITLEMENTS = "macOS (App)/YoutubeDislikes.entitlements";
				"CODE_SIGN_IDENTITY[sdk=macosx*]" = "Apple Development";
				CODE_SIGN_STYLE = Automatic;
				CURRENT_PROJECT_VERSION = 1;
				DEVELOPMENT_TEAM = 89625ZHN6X;
				ENABLE_HARDENED_RUNTIME = YES;
				GENERATE_INFOPLIST_FILE = YES;
				INFOPLIST_KEY_CFBundleDisplayName = "Youtube Dislikes";
				INFOPLIST_KEY_LSApplicationCategoryType = "public.app-category.utilities";
				INFOPLIST_KEY_NSMainStoryboardFile = Main;
				INFOPLIST_KEY_NSPrincipalClass = NSApplication;
				LD_RUNPATH_SEARCH_PATHS = (
					"$(inherited)",
					"@executable_path/../Frameworks",
				);
				MACOSX_DEPLOYMENT_TARGET = 10.14;
				MARKETING_VERSION = 1.0;
				OTHER_LDFLAGS = (
					"-framework",
					SafariServices,
					"-framework",
					WebKit,
				);
				PRODUCT_BUNDLE_IDENTIFIER = com.kibbewater.YoutubeDislikes;
				PRODUCT_NAME = YoutubeDislikes;
				SDKROOT = macosx;
				SWIFT_EMIT_LOC_STRINGS = YES;
				SWIFT_VERSION = 5.0;
			};
			name = Release;
		};
		807EA6632C5EB188008EE7F3 /* Debug */ = {
			isa = XCBuildConfiguration;
			buildSettings = {
				ALWAYS_SEARCH_USER_PATHS = NO;
				ASSETCATALOG_COMPILER_GENERATE_SWIFT_ASSET_SYMBOL_EXTENSIONS = YES;
				CLANG_ANALYZER_NONNULL = YES;
				CLANG_ANALYZER_NUMBER_OBJECT_CONVERSION = YES_AGGRESSIVE;
				CLANG_CXX_LANGUAGE_STANDARD = "gnu++20";
				CLANG_ENABLE_MODULES = YES;
				CLANG_ENABLE_OBJC_ARC = YES;
				CLANG_ENABLE_OBJC_WEAK = YES;
				CLANG_WARN_BLOCK_CAPTURE_AUTORELEASING = YES;
				CLANG_WARN_BOOL_CONVERSION = YES;
				CLANG_WARN_COMMA = YES;
				CLANG_WARN_CONSTANT_CONVERSION = YES;
				CLANG_WARN_DEPRECATED_OBJC_IMPLEMENTATIONS = YES;
				CLANG_WARN_DIRECT_OBJC_ISA_USAGE = YES_ERROR;
				CLANG_WARN_DOCUMENTATION_COMMENTS = YES;
				CLANG_WARN_EMPTY_BODY = YES;
				CLANG_WARN_ENUM_CONVERSION = YES;
				CLANG_WARN_INFINITE_RECURSION = YES;
				CLANG_WARN_INT_CONVERSION = YES;
				CLANG_WARN_NON_LITERAL_NULL_CONVERSION = YES;
				CLANG_WARN_OBJC_IMPLICIT_RETAIN_SELF = YES;
				CLANG_WARN_OBJC_LITERAL_CONVERSION = YES;
				CLANG_WARN_OBJC_ROOT_CLASS = YES_ERROR;
				CLANG_WARN_QUOTED_INCLUDE_IN_FRAMEWORK_HEADER = YES;
				CLANG_WARN_RANGE_LOOP_ANALYSIS = YES;
				CLANG_WARN_STRICT_PROTOTYPES = YES;
				CLANG_WARN_SUSPICIOUS_MOVE = YES;
				CLANG_WARN_UNGUARDED_AVAILABILITY = YES_AGGRESSIVE;
				CLANG_WARN_UNREACHABLE_CODE = YES;
				CLANG_WARN__DUPLICATE_METHOD_MATCH = YES;
				COPY_PHASE_STRIP = NO;
				DEBUG_INFORMATION_FORMAT = dwarf;
				ENABLE_STRICT_OBJC_MSGSEND = YES;
				ENABLE_TESTABILITY = YES;
				ENABLE_USER_SCRIPT_SANDBOXING = YES;
				GCC_C_LANGUAGE_STANDARD = gnu17;
				GCC_DYNAMIC_NO_PIC = NO;
				GCC_NO_COMMON_BLOCKS = YES;
				GCC_OPTIMIZATION_LEVEL = 0;
				GCC_PREPROCESSOR_DEFINITIONS = (
					"DEBUG=1",
					"$(inherited)",
				);
				GCC_WARN_64_TO_32_BIT_CONVERSION = YES;
				GCC_WARN_ABOUT_RETURN_TYPE = YES_ERROR;
				GCC_WARN_UNDECLARED_SELECTOR = YES;
				GCC_WARN_UNINITIALIZED_AUTOS = YES_AGGRESSIVE;
				GCC_WARN_UNUSED_FUNCTION = YES;
				GCC_WARN_UNUSED_VARIABLE = YES;
				LOCALIZATION_PREFERS_STRING_CATALOGS = YES;
				MTL_ENABLE_DEBUG_INFO = INCLUDE_SOURCE;
				MTL_FAST_MATH = YES;
				ONLY_ACTIVE_ARCH = YES;
				SWIFT_ACTIVE_COMPILATION_CONDITIONS = "DEBUG $(inherited)";
				SWIFT_OPTIMIZATION_LEVEL = "-Onone";
			};
			name = Debug;
		};
		807EA6642C5EB188008EE7F3 /* Release */ = {
			isa = XCBuildConfiguration;
			buildSettings = {
				ALWAYS_SEARCH_USER_PATHS = NO;
				ASSETCATALOG_COMPILER_GENERATE_SWIFT_ASSET_SYMBOL_EXTENSIONS = YES;
				CLANG_ANALYZER_NONNULL = YES;
				CLANG_ANALYZER_NUMBER_OBJECT_CONVERSION = YES_AGGRESSIVE;
				CLANG_CXX_LANGUAGE_STANDARD = "gnu++20";
				CLANG_ENABLE_MODULES = YES;
				CLANG_ENABLE_OBJC_ARC = YES;
				CLANG_ENABLE_OBJC_WEAK = YES;
				CLANG_WARN_BLOCK_CAPTURE_AUTORELEASING = YES;
				CLANG_WARN_BOOL_CONVERSION = YES;
				CLANG_WARN_COMMA = YES;
				CLANG_WARN_CONSTANT_CONVERSION = YES;
				CLANG_WARN_DEPRECATED_OBJC_IMPLEMENTATIONS = YES;
				CLANG_WARN_DIRECT_OBJC_ISA_USAGE = YES_ERROR;
				CLANG_WARN_DOCUMENTATION_COMMENTS = YES;
				CLANG_WARN_EMPTY_BODY = YES;
				CLANG_WARN_ENUM_CONVERSION = YES;
				CLANG_WARN_INFINITE_RECURSION = YES;
				CLANG_WARN_INT_CONVERSION = YES;
				CLANG_WARN_NON_LITERAL_NULL_CONVERSION = YES;
				CLANG_WARN_OBJC_IMPLICIT_RETAIN_SELF = YES;
				CLANG_WARN_OBJC_LITERAL_CONVERSION = YES;
				CLANG_WARN_OBJC_ROOT_CLASS = YES_ERROR;
				CLANG_WARN_QUOTED_INCLUDE_IN_FRAMEWORK_HEADER = YES;
				CLANG_WARN_RANGE_LOOP_ANALYSIS = YES;
				CLANG_WARN_STRICT_PROTOTYPES = YES;
				CLANG_WARN_SUSPICIOUS_MOVE = YES;
				CLANG_WARN_UNGUARDED_AVAILABILITY = YES_AGGRESSIVE;
				CLANG_WARN_UNREACHABLE_CODE = YES;
				CLANG_WARN__DUPLICATE_METHOD_MATCH = YES;
				COPY_PHASE_STRIP = NO;
				DEBUG_INFORMATION_FORMAT = "dwarf-with-dsym";
				ENABLE_NS_ASSERTIONS = NO;
				ENABLE_STRICT_OBJC_MSGSEND = YES;
				ENABLE_USER_SCRIPT_SANDBOXING = YES;
				GCC_C_LANGUAGE_STANDARD = gnu17;
				GCC_NO_COMMON_BLOCKS = YES;
				GCC_WARN_64_TO_32_BIT_CONVERSION = YES;
				GCC_WARN_ABOUT_RETURN_TYPE = YES_ERROR;
				GCC_WARN_UNDECLARED_SELECTOR = YES;
				GCC_WARN_UNINITIALIZED_AUTOS = YES_AGGRESSIVE;
				GCC_WARN_UNUSED_FUNCTION = YES;
				GCC_WARN_UNUSED_VARIABLE = YES;
				LOCALIZATION_PREFERS_STRING_CATALOGS = YES;
				MTL_ENABLE_DEBUG_INFO = NO;
				MTL_FAST_MATH = YES;
				SWIFT_COMPILATION_MODE = wholemodule;
			};
			name = Release;
		};
/* End XCBuildConfiguration section */

/* Begin XCConfigurationList section */
		807EA5E32C5EB187008EE7F3 /* Build configuration list for PBXProject "YoutubeDislikes" */ = {
			isa = XCConfigurationList;
			buildConfigurations = (
				807EA6632C5EB188008EE7F3 /* Debug */,
				807EA6642C5EB188008EE7F3 /* Release */,
			);
			defaultConfigurationIsVisible = 0;
			defaultConfigurationName = Release;
		};
		807EA64A2C5EB188008EE7F3 /* Build configuration list for PBXNativeTarget "YoutubeDislikes Extension (iOS)" */ = {
			isa = XCConfigurationList;
			buildConfigurations = (
				807EA64B2C5EB188008EE7F3 /* Debug */,
				807EA64C2C5EB188008EE7F3 /* Release */,
			);
			defaultConfigurationIsVisible = 0;
			defaultConfigurationName = Release;
		};
		807EA64F2C5EB188008EE7F3 /* Build configuration list for PBXNativeTarget "YoutubeDislikes (iOS)" */ = {
			isa = XCConfigurationList;
			buildConfigurations = (
				807EA6502C5EB188008EE7F3 /* Debug */,
				807EA6512C5EB188008EE7F3 /* Release */,
			);
			defaultConfigurationIsVisible = 0;
			defaultConfigurationName = Release;
		};
		807EA6562C5EB188008EE7F3 /* Build configuration list for PBXNativeTarget "YoutubeDislikes Extension (macOS)" */ = {
			isa = XCConfigurationList;
			buildConfigurations = (
				807EA6572C5EB188008EE7F3 /* Debug */,
				807EA6582C5EB188008EE7F3 /* Release */,
			);
			defaultConfigurationIsVisible = 0;
			defaultConfigurationName = Release;
		};
		807EA65B2C5EB188008EE7F3 /* Build configuration list for PBXNativeTarget "YoutubeDislikes (macOS)" */ = {
			isa = XCConfigurationList;
			buildConfigurations = (
				807EA65C2C5EB188008EE7F3 /* Debug */,
				807EA65D2C5EB188008EE7F3 /* Release */,
			);
			defaultConfigurationIsVisible = 0;
			defaultConfigurationName = Release;
		};
/* End XCConfigurationList section */
	};
	rootObject = 807EA5E02C5EB187008EE7F3 /* Project object */;
}
