// !$*UTF8*$!
{
	archiveVersion = 1;
	classes = {
	};
	objectVersion = 56;
	objects = {

/* Begin PBXBuildFile section */
		806BC3322C5FCE1800796DE9 /* AppDelegate.swift in Sources */ = {isa = PBXBuildFile; fileRef = 806BC3312C5FCE1800796DE9 /* AppDelegate.swift */; };
		806BC3342C5FCE1800796DE9 /* SceneDelegate.swift in Sources */ = {isa = PBXBuildFile; fileRef = 806BC3332C5FCE1800796DE9 /* SceneDelegate.swift */; };
		806BC3372C5FCE1800796DE9 /* Base in Resources */ = {isa = PBXBuildFile; fileRef = 806BC3362C5FCE1800796DE9 /* Base */; };
		806BC33A2C5FCE1800796DE9 /* Base in Resources */ = {isa = PBXBuildFile; fileRef = 806BC3392C5FCE1800796DE9 /* Base */; };
		806BC3432C5FCE1800796DE9 /* AppDelegate.swift in Sources */ = {isa = PBXBuildFile; fileRef = 806BC3422C5FCE1800796DE9 /* AppDelegate.swift */; };
		806BC3462C5FCE1800796DE9 /* Base in Resources */ = {isa = PBXBuildFile; fileRef = 806BC3452C5FCE1800796DE9 /* Base */; };
		806BC34D2C5FCE1800796DE9 /* Return Dislikes Extension.appex in Embed Foundation Extensions */ = {isa = PBXBuildFile; fileRef = 806BC34C2C5FCE1800796DE9 /* Return Dislikes Extension.appex */; settings = {ATTRIBUTES = (RemoveHeadersOnCopy, ); }; };
		806BC3572C5FCE1800796DE9 /* Return Dislikes Extension.appex in Embed Foundation Extensions */ = {isa = PBXBuildFile; fileRef = 806BC3562C5FCE1800796DE9 /* Return Dislikes Extension.appex */; settings = {ATTRIBUTES = (RemoveHeadersOnCopy, ); }; };
		806BC35D2C5FCE1800796DE9 /* Base in Resources */ = {isa = PBXBuildFile; fileRef = 806BC3192C5FCE1800796DE9 /* Base */; };
		806BC35E2C5FCE1800796DE9 /* Base in Resources */ = {isa = PBXBuildFile; fileRef = 806BC3192C5FCE1800796DE9 /* Base */; };
		806BC35F2C5FCE1800796DE9 /* Icon.png in Resources */ = {isa = PBXBuildFile; fileRef = 806BC31A2C5FCE1800796DE9 /* Icon.png */; };
		806BC3602C5FCE1800796DE9 /* Icon.png in Resources */ = {isa = PBXBuildFile; fileRef = 806BC31A2C5FCE1800796DE9 /* Icon.png */; };
		806BC3612C5FCE1800796DE9 /* Style.css in Resources */ = {isa = PBXBuildFile; fileRef = 806BC31B2C5FCE1800796DE9 /* Style.css */; };
		806BC3622C5FCE1800796DE9 /* Style.css in Resources */ = {isa = PBXBuildFile; fileRef = 806BC31B2C5FCE1800796DE9 /* Style.css */; };
		806BC3632C5FCE1800796DE9 /* Script.js in Resources */ = {isa = PBXBuildFile; fileRef = 806BC31C2C5FCE1800796DE9 /* Script.js */; };
		806BC3642C5FCE1800796DE9 /* Script.js in Resources */ = {isa = PBXBuildFile; fileRef = 806BC31C2C5FCE1800796DE9 /* Script.js */; };
		806BC3652C5FCE1800796DE9 /* ViewController.swift in Sources */ = {isa = PBXBuildFile; fileRef = 806BC31D2C5FCE1800796DE9 /* ViewController.swift */; };
		806BC3662C5FCE1800796DE9 /* ViewController.swift in Sources */ = {isa = PBXBuildFile; fileRef = 806BC31D2C5FCE1800796DE9 /* ViewController.swift */; };
		806BC3672C5FCE1800796DE9 /* Assets.xcassets in Resources */ = {isa = PBXBuildFile; fileRef = 806BC31E2C5FCE1800796DE9 /* Assets.xcassets */; };
		806BC3682C5FCE1800796DE9 /* Assets.xcassets in Resources */ = {isa = PBXBuildFile; fileRef = 806BC31E2C5FCE1800796DE9 /* Assets.xcassets */; };
		806BC3692C5FCE1800796DE9 /* SafariWebExtensionHandler.swift in Sources */ = {isa = PBXBuildFile; fileRef = 806BC3202C5FCE1800796DE9 /* SafariWebExtensionHandler.swift */; };
		806BC36A2C5FCE1800796DE9 /* SafariWebExtensionHandler.swift in Sources */ = {isa = PBXBuildFile; fileRef = 806BC3202C5FCE1800796DE9 /* SafariWebExtensionHandler.swift */; };
		806BC36B2C5FCE1800796DE9 /* _locales in Resources */ = {isa = PBXBuildFile; fileRef = 806BC3222C5FCE1800796DE9 /* _locales */; };
		806BC36C2C5FCE1800796DE9 /* _locales in Resources */ = {isa = PBXBuildFile; fileRef = 806BC3222C5FCE1800796DE9 /* _locales */; };
		806BC36D2C5FCE1800796DE9 /* images in Resources */ = {isa = PBXBuildFile; fileRef = 806BC3232C5FCE1800796DE9 /* images */; };
		806BC36E2C5FCE1800796DE9 /* images in Resources */ = {isa = PBXBuildFile; fileRef = 806BC3232C5FCE1800796DE9 /* images */; };
		806BC36F2C5FCE1800796DE9 /* manifest.json in Resources */ = {isa = PBXBuildFile; fileRef = 806BC3242C5FCE1800796DE9 /* manifest.json */; };
		806BC3702C5FCE1800796DE9 /* manifest.json in Resources */ = {isa = PBXBuildFile; fileRef = 806BC3242C5FCE1800796DE9 /* manifest.json */; };
		806BC3732C5FCE1800796DE9 /* content.js in Resources */ = {isa = PBXBuildFile; fileRef = 806BC3262C5FCE1800796DE9 /* content.js */; };
		806BC3742C5FCE1800796DE9 /* content.js in Resources */ = {isa = PBXBuildFile; fileRef = 806BC3262C5FCE1800796DE9 /* content.js */; };
		806BC3752C5FCE1800796DE9 /* popup.html in Resources */ = {isa = PBXBuildFile; fileRef = 806BC3272C5FCE1800796DE9 /* popup.html */; };
		806BC3762C5FCE1800796DE9 /* popup.html in Resources */ = {isa = PBXBuildFile; fileRef = 806BC3272C5FCE1800796DE9 /* popup.html */; };
		806BC3772C5FCE1800796DE9 /* popup.css in Resources */ = {isa = PBXBuildFile; fileRef = 806BC3282C5FCE1800796DE9 /* popup.css */; };
		806BC3782C5FCE1800796DE9 /* popup.css in Resources */ = {isa = PBXBuildFile; fileRef = 806BC3282C5FCE1800796DE9 /* popup.css */; };
		806BC3792C5FCE1800796DE9 /* popup.js in Resources */ = {isa = PBXBuildFile; fileRef = 806BC3292C5FCE1800796DE9 /* popup.js */; };
		806BC37A2C5FCE1800796DE9 /* popup.js in Resources */ = {isa = PBXBuildFile; fileRef = 806BC3292C5FCE1800796DE9 /* popup.js */; };
		809DA3462C972A1100C0FE0B /* Puzzle.swift in Sources */ = {isa = PBXBuildFile; fileRef = 809DA3432C972A1100C0FE0B /* Puzzle.swift */; };
		809DA3472C972A1100C0FE0B /* Puzzle.swift in Sources */ = {isa = PBXBuildFile; fileRef = 809DA3432C972A1100C0FE0B /* Puzzle.swift */; };
		809DA3482C972A1100C0FE0B /* UserManager.swift in Sources */ = {isa = PBXBuildFile; fileRef = 809DA3442C972A1100C0FE0B /* UserManager.swift */; };
		809DA3492C972A1100C0FE0B /* UserManager.swift in Sources */ = {isa = PBXBuildFile; fileRef = 809DA3442C972A1100C0FE0B /* UserManager.swift */; };
		809DA34A2C972A1100C0FE0B /* APITypes.swift in Sources */ = {isa = PBXBuildFile; fileRef = 809DA3452C972A1100C0FE0B /* APITypes.swift */; };
		809DA34B2C972A1100C0FE0B /* APITypes.swift in Sources */ = {isa = PBXBuildFile; fileRef = 809DA3452C972A1100C0FE0B /* APITypes.swift */; };
/* End PBXBuildFile section */

/* Begin PBXContainerItemProxy section */
		806BC34E2C5FCE1800796DE9 /* PBXContainerItemProxy */ = {
			isa = PBXContainerItemProxy;
			containerPortal = 806BC3122C5FCE1700796DE9 /* Project object */;
			proxyType = 1;
			remoteGlobalIDString = 806BC34B2C5FCE1800796DE9;
			remoteInfo = "YoutubeDislikes Extension (iOS)";
		};
		806BC3582C5FCE1800796DE9 /* PBXContainerItemProxy */ = {
			isa = PBXContainerItemProxy;
			containerPortal = 806BC3122C5FCE1700796DE9 /* Project object */;
			proxyType = 1;
			remoteGlobalIDString = 806BC3552C5FCE1800796DE9;
			remoteInfo = "YoutubeDislikes Extension (macOS)";
		};
/* End PBXContainerItemProxy section */

/* Begin PBXCopyFilesBuildPhase section */
		806BC3802C5FCE1800796DE9 /* Embed Foundation Extensions */ = {
			isa = PBXCopyFilesBuildPhase;
			buildActionMask = 2147483647;
			dstPath = "";
			dstSubfolderSpec = 13;
			files = (
				806BC34D2C5FCE1800796DE9 /* Return Dislikes Extension.appex in Embed Foundation Extensions */,
			);
			name = "Embed Foundation Extensions";
			runOnlyForDeploymentPostprocessing = 0;
		};
		806BC3872C5FCE1800796DE9 /* Embed Foundation Extensions */ = {
			isa = PBXCopyFilesBuildPhase;
			buildActionMask = 2147483647;
			dstPath = "";
			dstSubfolderSpec = 13;
			files = (
				806BC3572C5FCE1800796DE9 /* Return Dislikes Extension.appex in Embed Foundation Extensions */,
			);
			name = "Embed Foundation Extensions";
			runOnlyForDeploymentPostprocessing = 0;
		};
/* End PBXCopyFilesBuildPhase section */

/* Begin PBXFileReference section */
		806BC3192C5FCE1800796DE9 /* Base */ = {isa = PBXFileReference; lastKnownFileType = text.html; name = Base; path = ../Base.lproj/Main.html; sourceTree = "<group>"; };
		806BC31A2C5FCE1800796DE9 /* Icon.png */ = {isa = PBXFileReference; lastKnownFileType = image.png; path = Icon.png; sourceTree = "<group>"; };
		806BC31B2C5FCE1800796DE9 /* Style.css */ = {isa = PBXFileReference; lastKnownFileType = text.css; path = Style.css; sourceTree = "<group>"; };
		806BC31C2C5FCE1800796DE9 /* Script.js */ = {isa = PBXFileReference; lastKnownFileType = sourcecode.javascript; path = Script.js; sourceTree = "<group>"; };
		806BC31D2C5FCE1800796DE9 /* ViewController.swift */ = {isa = PBXFileReference; lastKnownFileType = sourcecode.swift; path = ViewController.swift; sourceTree = "<group>"; };
		806BC31E2C5FCE1800796DE9 /* Assets.xcassets */ = {isa = PBXFileReference; lastKnownFileType = folder.assetcatalog; path = Assets.xcassets; sourceTree = "<group>"; };
		806BC3202C5FCE1800796DE9 /* SafariWebExtensionHandler.swift */ = {isa = PBXFileReference; lastKnownFileType = sourcecode.swift; path = SafariWebExtensionHandler.swift; sourceTree = "<group>"; };
		806BC3222C5FCE1800796DE9 /* _locales */ = {isa = PBXFileReference; lastKnownFileType = folder; path = _locales; sourceTree = "<group>"; };
		806BC3232C5FCE1800796DE9 /* images */ = {isa = PBXFileReference; lastKnownFileType = folder; path = images; sourceTree = "<group>"; };
		806BC3242C5FCE1800796DE9 /* manifest.json */ = {isa = PBXFileReference; lastKnownFileType = text.json; path = manifest.json; sourceTree = "<group>"; };
		806BC3262C5FCE1800796DE9 /* content.js */ = {isa = PBXFileReference; lastKnownFileType = sourcecode.javascript; path = content.js; sourceTree = "<group>"; };
		806BC3272C5FCE1800796DE9 /* popup.html */ = {isa = PBXFileReference; lastKnownFileType = text.html; path = popup.html; sourceTree = "<group>"; };
		806BC3282C5FCE1800796DE9 /* popup.css */ = {isa = PBXFileReference; lastKnownFileType = text.css; path = popup.css; sourceTree = "<group>"; };
		806BC3292C5FCE1800796DE9 /* popup.js */ = {isa = PBXFileReference; lastKnownFileType = sourcecode.javascript; path = popup.js; sourceTree = "<group>"; };
		806BC32E2C5FCE1800796DE9 /* Return Dislikes.app */ = {isa = PBXFileReference; explicitFileType = wrapper.application; includeInIndex = 0; path = "Return Dislikes.app"; sourceTree = BUILT_PRODUCTS_DIR; };
		806BC3312C5FCE1800796DE9 /* AppDelegate.swift */ = {isa = PBXFileReference; lastKnownFileType = sourcecode.swift; path = AppDelegate.swift; sourceTree = "<group>"; };
		806BC3332C5FCE1800796DE9 /* SceneDelegate.swift */ = {isa = PBXFileReference; lastKnownFileType = sourcecode.swift; path = SceneDelegate.swift; sourceTree = "<group>"; };
		806BC3362C5FCE1800796DE9 /* Base */ = {isa = PBXFileReference; lastKnownFileType = file.storyboard; name = Base; path = Base.lproj/LaunchScreen.storyboard; sourceTree = "<group>"; };
		806BC3392C5FCE1800796DE9 /* Base */ = {isa = PBXFileReference; lastKnownFileType = file.storyboard; name = Base; path = Base.lproj/Main.storyboard; sourceTree = "<group>"; };
		806BC33B2C5FCE1800796DE9 /* Info.plist */ = {isa = PBXFileReference; lastKnownFileType = text.plist.xml; path = Info.plist; sourceTree = "<group>"; };
		806BC3402C5FCE1800796DE9 /* Return Dislikes.app */ = {isa = PBXFileReference; explicitFileType = wrapper.application; includeInIndex = 0; path = "Return Dislikes.app"; sourceTree = BUILT_PRODUCTS_DIR; };
		806BC3422C5FCE1800796DE9 /* AppDelegate.swift */ = {isa = PBXFileReference; lastKnownFileType = sourcecode.swift; path = AppDelegate.swift; sourceTree = "<group>"; };
		806BC3452C5FCE1800796DE9 /* Base */ = {isa = PBXFileReference; lastKnownFileType = file.storyboard; name = Base; path = Base.lproj/Main.storyboard; sourceTree = "<group>"; };
		806BC3472C5FCE1800796DE9 /* YoutubeDislikes.entitlements */ = {isa = PBXFileReference; lastKnownFileType = text.plist.entitlements; path = YoutubeDislikes.entitlements; sourceTree = "<group>"; };
		806BC34C2C5FCE1800796DE9 /* Return Dislikes Extension.appex */ = {isa = PBXFileReference; explicitFileType = "wrapper.app-extension"; includeInIndex = 0; path = "Return Dislikes Extension.appex"; sourceTree = BUILT_PRODUCTS_DIR; };
		806BC3512C5FCE1800796DE9 /* Info.plist */ = {isa = PBXFileReference; lastKnownFileType = text.plist.xml; path = Info.plist; sourceTree = "<group>"; };
		806BC3562C5FCE1800796DE9 /* Return Dislikes Extension.appex */ = {isa = PBXFileReference; explicitFileType = "wrapper.app-extension"; includeInIndex = 0; path = "Return Dislikes Extension.appex"; sourceTree = BUILT_PRODUCTS_DIR; };
		806BC35B2C5FCE1800796DE9 /* Info.plist */ = {isa = PBXFileReference; lastKnownFileType = text.plist.xml; path = Info.plist; sourceTree = "<group>"; };
		806BC35C2C5FCE1800796DE9 /* YoutubeDislikes.entitlements */ = {isa = PBXFileReference; lastKnownFileType = text.plist.entitlements; path = YoutubeDislikes.entitlements; sourceTree = "<group>"; };
		809DA3422C9720D500C0FE0B /* YoutubeDislikes Extension (iOS).entitlements */ = {isa = PBXFileReference; lastKnownFileType = text.plist.entitlements; path = "YoutubeDislikes Extension (iOS).entitlements"; sourceTree = "<group>"; };
		809DA3432C972A1100C0FE0B /* Puzzle.swift */ = {isa = PBXFileReference; fileEncoding = 4; lastKnownFileType = sourcecode.swift; path = Puzzle.swift; sourceTree = "<group>"; };
		809DA3442C972A1100C0FE0B /* UserManager.swift */ = {isa = PBXFileReference; fileEncoding = 4; lastKnownFileType = sourcecode.swift; path = UserManager.swift; sourceTree = "<group>"; };
		809DA3452C972A1100C0FE0B /* APITypes.swift */ = {isa = PBXFileReference; fileEncoding = 4; lastKnownFileType = sourcecode.swift; path = APITypes.swift; sourceTree = "<group>"; };
		80EE9C262C6E71210037196B /* YoutubeDislikes (iOS).entitlements */ = {isa = PBXFileReference; lastKnownFileType = text.plist.entitlements; path = "YoutubeDislikes (iOS).entitlements"; sourceTree = "<group>"; };
/* End PBXFileReference section */

/* Begin PBXFrameworksBuildPhase section */
		806BC32B2C5FCE1800796DE9 /* Frameworks */ = {
			isa = PBXFrameworksBuildPhase;
			buildActionMask = 2147483647;
			files = (
			);
			runOnlyForDeploymentPostprocessing = 0;
		};
		806BC33D2C5FCE1800796DE9 /* Frameworks */ = {
			isa = PBXFrameworksBuildPhase;
			buildActionMask = 2147483647;
			files = (
			);
			runOnlyForDeploymentPostprocessing = 0;
		};
		806BC3492C5FCE1800796DE9 /* Frameworks */ = {
			isa = PBXFrameworksBuildPhase;
			buildActionMask = 2147483647;
			files = (
			);
			runOnlyForDeploymentPostprocessing = 0;
		};
		806BC3532C5FCE1800796DE9 /* Frameworks */ = {
			isa = PBXFrameworksBuildPhase;
			buildActionMask = 2147483647;
			files = (
			);
			runOnlyForDeploymentPostprocessing = 0;
		};
/* End PBXFrameworksBuildPhase section */

/* Begin PBXGroup section */
		806BC3112C5FCE1700796DE9 = {
			isa = PBXGroup;
			children = (
				809DA3422C9720D500C0FE0B /* YoutubeDislikes Extension (iOS).entitlements */,
				80EE9C262C6E71210037196B /* YoutubeDislikes (iOS).entitlements */,
				806BC3162C5FCE1800796DE9 /* Shared (App) */,
				806BC31F2C5FCE1800796DE9 /* Shared (Extension) */,
				806BC3302C5FCE1800796DE9 /* iOS (App) */,
				806BC3412C5FCE1800796DE9 /* macOS (App) */,
				806BC3502C5FCE1800796DE9 /* iOS (Extension) */,
				806BC35A2C5FCE1800796DE9 /* macOS (Extension) */,
				806BC32F2C5FCE1800796DE9 /* Products */,
			);
			sourceTree = "<group>";
		};
		806BC3162C5FCE1800796DE9 /* Shared (App) */ = {
			isa = PBXGroup;
			children = (
				806BC31D2C5FCE1800796DE9 /* ViewController.swift */,
				806BC31E2C5FCE1800796DE9 /* Assets.xcassets */,
				806BC3172C5FCE1800796DE9 /* Resources */,
			);
			path = "Shared (App)";
			sourceTree = "<group>";
		};
		806BC3172C5FCE1800796DE9 /* Resources */ = {
			isa = PBXGroup;
			children = (
				806BC3182C5FCE1800796DE9 /* Main.html */,
				806BC31A2C5FCE1800796DE9 /* Icon.png */,
				806BC31B2C5FCE1800796DE9 /* Style.css */,
				806BC31C2C5FCE1800796DE9 /* Script.js */,
			);
			path = Resources;
			sourceTree = "<group>";
		};
		806BC31F2C5FCE1800796DE9 /* Shared (Extension) */ = {
			isa = PBXGroup;
			children = (
				809DA3452C972A1100C0FE0B /* APITypes.swift */,
				809DA3432C972A1100C0FE0B /* Puzzle.swift */,
				809DA3442C972A1100C0FE0B /* UserManager.swift */,
				806BC3202C5FCE1800796DE9 /* SafariWebExtensionHandler.swift */,
				806BC3212C5FCE1800796DE9 /* Resources */,
			);
			path = "Shared (Extension)";
			sourceTree = "<group>";
		};
		806BC3212C5FCE1800796DE9 /* Resources */ = {
			isa = PBXGroup;
			children = (
				806BC3222C5FCE1800796DE9 /* _locales */,
				806BC3232C5FCE1800796DE9 /* images */,
				806BC3242C5FCE1800796DE9 /* manifest.json */,
				806BC3262C5FCE1800796DE9 /* content.js */,
				806BC3272C5FCE1800796DE9 /* popup.html */,
				806BC3282C5FCE1800796DE9 /* popup.css */,
				806BC3292C5FCE1800796DE9 /* popup.js */,
			);
			path = Resources;
			sourceTree = "<group>";
		};
		806BC32F2C5FCE1800796DE9 /* Products */ = {
			isa = PBXGroup;
			children = (
				806BC32E2C5FCE1800796DE9 /* Return Dislikes.app */,
				806BC3402C5FCE1800796DE9 /* Return Dislikes.app */,
				806BC34C2C5FCE1800796DE9 /* Return Dislikes Extension.appex */,
				806BC3562C5FCE1800796DE9 /* Return Dislikes Extension.appex */,
			);
			name = Products;
			sourceTree = "<group>";
		};
		806BC3302C5FCE1800796DE9 /* iOS (App) */ = {
			isa = PBXGroup;
			children = (
				806BC3312C5FCE1800796DE9 /* AppDelegate.swift */,
				806BC3332C5FCE1800796DE9 /* SceneDelegate.swift */,
				806BC3352C5FCE1800796DE9 /* LaunchScreen.storyboard */,
				806BC3382C5FCE1800796DE9 /* Main.storyboard */,
				806BC33B2C5FCE1800796DE9 /* Info.plist */,
			);
			path = "iOS (App)";
			sourceTree = "<group>";
		};
		806BC3412C5FCE1800796DE9 /* macOS (App) */ = {
			isa = PBXGroup;
			children = (
				806BC3422C5FCE1800796DE9 /* AppDelegate.swift */,
				806BC3442C5FCE1800796DE9 /* Main.storyboard */,
				806BC3472C5FCE1800796DE9 /* YoutubeDislikes.entitlements */,
			);
			path = "macOS (App)";
			sourceTree = "<group>";
		};
		806BC3502C5FCE1800796DE9 /* iOS (Extension) */ = {
			isa = PBXGroup;
			children = (
				806BC3512C5FCE1800796DE9 /* Info.plist */,
			);
			path = "iOS (Extension)";
			sourceTree = "<group>";
		};
		806BC35A2C5FCE1800796DE9 /* macOS (Extension) */ = {
			isa = PBXGroup;
			children = (
				806BC35B2C5FCE1800796DE9 /* Info.plist */,
				806BC35C2C5FCE1800796DE9 /* YoutubeDislikes.entitlements */,
			);
			path = "macOS (Extension)";
			sourceTree = "<group>";
		};
/* End PBXGroup section */

/* Begin PBXNativeTarget section */
		806BC32D2C5FCE1800796DE9 /* YoutubeDislikes (iOS) */ = {
			isa = PBXNativeTarget;
			buildConfigurationList = 806BC3812C5FCE1800796DE9 /* Build configuration list for PBXNativeTarget "YoutubeDislikes (iOS)" */;
			buildPhases = (
				806BC32A2C5FCE1800796DE9 /* Sources */,
				806BC32B2C5FCE1800796DE9 /* Frameworks */,
				806BC32C2C5FCE1800796DE9 /* Resources */,
				806BC3802C5FCE1800796DE9 /* Embed Foundation Extensions */,
			);
			buildRules = (
			);
			dependencies = (
				806BC34F2C5FCE1800796DE9 /* PBXTargetDependency */,
			);
			name = "YoutubeDislikes (iOS)";
			productName = "YoutubeDislikes (iOS)";
			productReference = 806BC32E2C5FCE1800796DE9 /* Return Dislikes.app */;
			productType = "com.apple.product-type.application";
		};
		806BC33F2C5FCE1800796DE9 /* YoutubeDislikes (macOS) */ = {
			isa = PBXNativeTarget;
			buildConfigurationList = 806BC3882C5FCE1800796DE9 /* Build configuration list for PBXNativeTarget "YoutubeDislikes (macOS)" */;
			buildPhases = (
				806BC33C2C5FCE1800796DE9 /* Sources */,
				806BC33D2C5FCE1800796DE9 /* Frameworks */,
				806BC33E2C5FCE1800796DE9 /* Resources */,
				806BC3872C5FCE1800796DE9 /* Embed Foundation Extensions */,
			);
			buildRules = (
			);
			dependencies = (
				806BC3592C5FCE1800796DE9 /* PBXTargetDependency */,
			);
			name = "YoutubeDislikes (macOS)";
			productName = "YoutubeDislikes (macOS)";
			productReference = 806BC3402C5FCE1800796DE9 /* Return Dislikes.app */;
			productType = "com.apple.product-type.application";
		};
		806BC34B2C5FCE1800796DE9 /* YoutubeDislikes Extension (iOS) */ = {
			isa = PBXNativeTarget;
			buildConfigurationList = 806BC37D2C5FCE1800796DE9 /* Build configuration list for PBXNativeTarget "YoutubeDislikes Extension (iOS)" */;
			buildPhases = (
				806BC3482C5FCE1800796DE9 /* Sources */,
				806BC3492C5FCE1800796DE9 /* Frameworks */,
				806BC34A2C5FCE1800796DE9 /* Resources */,
			);
			buildRules = (
			);
			dependencies = (
			);
			name = "YoutubeDislikes Extension (iOS)";
			productName = "YoutubeDislikes Extension (iOS)";
			productReference = 806BC34C2C5FCE1800796DE9 /* Return Dislikes Extension.appex */;
			productType = "com.apple.product-type.app-extension";
		};
		806BC3552C5FCE1800796DE9 /* YoutubeDislikes Extension (macOS) */ = {
			isa = PBXNativeTarget;
			buildConfigurationList = 806BC3842C5FCE1800796DE9 /* Build configuration list for PBXNativeTarget "YoutubeDislikes Extension (macOS)" */;
			buildPhases = (
				806BC3522C5FCE1800796DE9 /* Sources */,
				806BC3532C5FCE1800796DE9 /* Frameworks */,
				806BC3542C5FCE1800796DE9 /* Resources */,
			);
			buildRules = (
			);
			dependencies = (
			);
			name = "YoutubeDislikes Extension (macOS)";
			productName = "YoutubeDislikes Extension (macOS)";
			productReference = 806BC3562C5FCE1800796DE9 /* Return Dislikes Extension.appex */;
			productType = "com.apple.product-type.app-extension";
		};
/* End PBXNativeTarget section */

/* Begin PBXProject section */
		806BC3122C5FCE1700796DE9 /* Project object */ = {
			isa = PBXProject;
			attributes = {
				BuildIndependentTargetsInParallel = 1;
				LastSwiftUpdateCheck = 1540;
				LastUpgradeCheck = 1610;
				TargetAttributes = {
					806BC32D2C5FCE1800796DE9 = {
						CreatedOnToolsVersion = 15.4;
					};
					806BC33F2C5FCE1800796DE9 = {
						CreatedOnToolsVersion = 15.4;
					};
					806BC34B2C5FCE1800796DE9 = {
						CreatedOnToolsVersion = 15.4;
					};
					806BC3552C5FCE1800796DE9 = {
						CreatedOnToolsVersion = 15.4;
					};
				};
			};
			buildConfigurationList = 806BC3152C5FCE1700796DE9 /* Build configuration list for PBXProject "YoutubeDislikes" */;
			compatibilityVersion = "Xcode 14.0";
			developmentRegion = en;
			hasScannedForEncodings = 0;
			knownRegions = (
				en,
				Base,
			);
			mainGroup = 806BC3112C5FCE1700796DE9;
			productRefGroup = 806BC32F2C5FCE1800796DE9 /* Products */;
			projectDirPath = "";
			projectRoot = "";
			targets = (
				806BC32D2C5FCE1800796DE9 /* YoutubeDislikes (iOS) */,
				806BC33F2C5FCE1800796DE9 /* YoutubeDislikes (macOS) */,
				806BC34B2C5FCE1800796DE9 /* YoutubeDislikes Extension (iOS) */,
				806BC3552C5FCE1800796DE9 /* YoutubeDislikes Extension (macOS) */,
			);
		};
/* End PBXProject section */

/* Begin PBXResourcesBuildPhase section */
		806BC32C2C5FCE1800796DE9 /* Resources */ = {
			isa = PBXResourcesBuildPhase;
			buildActionMask = 2147483647;
			files = (
				806BC35F2C5FCE1800796DE9 /* Icon.png in Resources */,
				806BC3372C5FCE1800796DE9 /* Base in Resources */,
				806BC35D2C5FCE1800796DE9 /* Base in Resources */,
				806BC3632C5FCE1800796DE9 /* Script.js in Resources */,
				806BC3672C5FCE1800796DE9 /* Assets.xcassets in Resources */,
				806BC33A2C5FCE1800796DE9 /* Base in Resources */,
				806BC3612C5FCE1800796DE9 /* Style.css in Resources */,
			);
			runOnlyForDeploymentPostprocessing = 0;
		};
		806BC33E2C5FCE1800796DE9 /* Resources */ = {
			isa = PBXResourcesBuildPhase;
			buildActionMask = 2147483647;
			files = (
				806BC3602C5FCE1800796DE9 /* Icon.png in Resources */,
				806BC3622C5FCE1800796DE9 /* Style.css in Resources */,
				806BC3462C5FCE1800796DE9 /* Base in Resources */,
				806BC3642C5FCE1800796DE9 /* Script.js in Resources */,
				806BC3682C5FCE1800796DE9 /* Assets.xcassets in Resources */,
				806BC35E2C5FCE1800796DE9 /* Base in Resources */,
			);
			runOnlyForDeploymentPostprocessing = 0;
		};
		806BC34A2C5FCE1800796DE9 /* Resources */ = {
			isa = PBXResourcesBuildPhase;
			buildActionMask = 2147483647;
			files = (
				806BC3772C5FCE1800796DE9 /* popup.css in Resources */,
				806BC3752C5FCE1800796DE9 /* popup.html in Resources */,
				806BC36D2C5FCE1800796DE9 /* images in Resources */,
				806BC36F2C5FCE1800796DE9 /* manifest.json in Resources */,
				806BC36B2C5FCE1800796DE9 /* _locales in Resources */,
				806BC3732C5FCE1800796DE9 /* content.js in Resources */,
				806BC3792C5FCE1800796DE9 /* popup.js in Resources */,
			);
			runOnlyForDeploymentPostprocessing = 0;
		};
		806BC3542C5FCE1800796DE9 /* Resources */ = {
			isa = PBXResourcesBuildPhase;
			buildActionMask = 2147483647;
			files = (
				806BC3782C5FCE1800796DE9 /* popup.css in Resources */,
				806BC3762C5FCE1800796DE9 /* popup.html in Resources */,
				806BC36E2C5FCE1800796DE9 /* images in Resources */,
				806BC3702C5FCE1800796DE9 /* manifest.json in Resources */,
				806BC36C2C5FCE1800796DE9 /* _locales in Resources */,
				806BC3742C5FCE1800796DE9 /* content.js in Resources */,
				806BC37A2C5FCE1800796DE9 /* popup.js in Resources */,
			);
			runOnlyForDeploymentPostprocessing = 0;
		};
/* End PBXResourcesBuildPhase section */

/* Begin PBXSourcesBuildPhase section */
		806BC32A2C5FCE1800796DE9 /* Sources */ = {
			isa = PBXSourcesBuildPhase;
			buildActionMask = 2147483647;
			files = (
				806BC3652C5FCE1800796DE9 /* ViewController.swift in Sources */,
				806BC3322C5FCE1800796DE9 /* AppDelegate.swift in Sources */,
				806BC3342C5FCE1800796DE9 /* SceneDelegate.swift in Sources */,
			);
			runOnlyForDeploymentPostprocessing = 0;
		};
		806BC33C2C5FCE1800796DE9 /* Sources */ = {
			isa = PBXSourcesBuildPhase;
			buildActionMask = 2147483647;
			files = (
				806BC3662C5FCE1800796DE9 /* ViewController.swift in Sources */,
				806BC3432C5FCE1800796DE9 /* AppDelegate.swift in Sources */,
			);
			runOnlyForDeploymentPostprocessing = 0;
		};
		806BC3482C5FCE1800796DE9 /* Sources */ = {
			isa = PBXSourcesBuildPhase;
			buildActionMask = 2147483647;
			files = (
				809DA34A2C972A1100C0FE0B /* APITypes.swift in Sources */,
				809DA3482C972A1100C0FE0B /* UserManager.swift in Sources */,
				806BC3692C5FCE1800796DE9 /* SafariWebExtensionHandler.swift in Sources */,
				809DA3462C972A1100C0FE0B /* Puzzle.swift in Sources */,
			);
			runOnlyForDeploymentPostprocessing = 0;
		};
		806BC3522C5FCE1800796DE9 /* Sources */ = {
			isa = PBXSourcesBuildPhase;
			buildActionMask = 2147483647;
			files = (
				809DA34B2C972A1100C0FE0B /* APITypes.swift in Sources */,
				809DA3492C972A1100C0FE0B /* UserManager.swift in Sources */,
				806BC36A2C5FCE1800796DE9 /* SafariWebExtensionHandler.swift in Sources */,
				809DA3472C972A1100C0FE0B /* Puzzle.swift in Sources */,
			);
			runOnlyForDeploymentPostprocessing = 0;
		};
/* End PBXSourcesBuildPhase section */

/* Begin PBXTargetDependency section */
		806BC34F2C5FCE1800796DE9 /* PBXTargetDependency */ = {
			isa = PBXTargetDependency;
			target = 806BC34B2C5FCE1800796DE9 /* YoutubeDislikes Extension (iOS) */;
			targetProxy = 806BC34E2C5FCE1800796DE9 /* PBXContainerItemProxy */;
		};
		806BC3592C5FCE1800796DE9 /* PBXTargetDependency */ = {
			isa = PBXTargetDependency;
			target = 806BC3552C5FCE1800796DE9 /* YoutubeDislikes Extension (macOS) */;
			targetProxy = 806BC3582C5FCE1800796DE9 /* PBXContainerItemProxy */;
		};
/* End PBXTargetDependency section */

/* Begin PBXVariantGroup section */
		806BC3182C5FCE1800796DE9 /* Main.html */ = {
			isa = PBXVariantGroup;
			children = (
				806BC3192C5FCE1800796DE9 /* Base */,
			);
			name = Main.html;
			sourceTree = "<group>";
		};
		806BC3352C5FCE1800796DE9 /* LaunchScreen.storyboard */ = {
			isa = PBXVariantGroup;
			children = (
				806BC3362C5FCE1800796DE9 /* Base */,
			);
			name = LaunchScreen.storyboard;
			sourceTree = "<group>";
		};
		806BC3382C5FCE1800796DE9 /* Main.storyboard */ = {
			isa = PBXVariantGroup;
			children = (
				806BC3392C5FCE1800796DE9 /* Base */,
			);
			name = Main.storyboard;
			sourceTree = "<group>";
		};
		806BC3442C5FCE1800796DE9 /* Main.storyboard */ = {
			isa = PBXVariantGroup;
			children = (
				806BC3452C5FCE1800796DE9 /* Base */,
			);
			name = Main.storyboard;
			sourceTree = "<group>";
		};
/* End PBXVariantGroup section */

/* Begin XCBuildConfiguration section */
		806BC37B2C5FCE1800796DE9 /* Debug */ = {
			isa = XCBuildConfiguration;
			buildSettings = {
				ALWAYS_SEARCH_USER_PATHS = NO;
				ASSETCATALOG_COMPILER_GENERATE_SWIFT_ASSET_SYMBOL_EXTENSIONS = YES;
				CLANG_ANALYZER_NONNULL = YES;
				CLANG_ANALYZER_NUMBER_OBJECT_CONVERSION = YES_AGGRESSIVE;
				CLANG_CXX_LANGUAGE_STANDARD = "gnu++20";
				CLANG_ENABLE_MODULES = YES;
				CLANG_ENABLE_OBJC_ARC = YES;
				CLANG_ENABLE_OBJC_WEAK = YES;
				CLANG_WARN_BLOCK_CAPTURE_AUTORELEASING = YES;
				CLANG_WARN_BOOL_CONVERSION = YES;
				CLANG_WARN_COMMA = YES;
				CLANG_WARN_CONSTANT_CONVERSION = YES;
				CLANG_WARN_DEPRECATED_OBJC_IMPLEMENTATIONS = YES;
				CLANG_WARN_DIRECT_OBJC_ISA_USAGE = YES_ERROR;
				CLANG_WARN_DOCUMENTATION_COMMENTS = YES;
				CLANG_WARN_EMPTY_BODY = YES;
				CLANG_WARN_ENUM_CONVERSION = YES;
				CLANG_WARN_INFINITE_RECURSION = YES;
				CLANG_WARN_INT_CONVERSION = YES;
				CLANG_WARN_NON_LITERAL_NULL_CONVERSION = YES;
				CLANG_WARN_OBJC_IMPLICIT_RETAIN_SELF = YES;
				CLANG_WARN_OBJC_LITERAL_CONVERSION = YES;
				CLANG_WARN_OBJC_ROOT_CLASS = YES_ERROR;
				CLANG_WARN_QUOTED_INCLUDE_IN_FRAMEWORK_HEADER = YES;
				CLANG_WARN_RANGE_LOOP_ANALYSIS = YES;
				CLANG_WARN_STRICT_PROTOTYPES = YES;
				CLANG_WARN_SUSPICIOUS_MOVE = YES;
				CLANG_WARN_UNGUARDED_AVAILABILITY = YES_AGGRESSIVE;
				CLANG_WARN_UNREACHABLE_CODE = YES;
				CLANG_WARN__DUPLICATE_METHOD_MATCH = YES;
				COPY_PHASE_STRIP = NO;
				DEAD_CODE_STRIPPING = YES;
				DEBUG_INFORMATION_FORMAT = dwarf;
				ENABLE_STRICT_OBJC_MSGSEND = YES;
				ENABLE_TESTABILITY = YES;
				ENABLE_USER_SCRIPT_SANDBOXING = YES;
				GCC_C_LANGUAGE_STANDARD = gnu17;
				GCC_DYNAMIC_NO_PIC = NO;
				GCC_NO_COMMON_BLOCKS = YES;
				GCC_OPTIMIZATION_LEVEL = 0;
				GCC_PREPROCESSOR_DEFINITIONS = (
					"DEBUG=1",
					"$(inherited)",
				);
				GCC_WARN_64_TO_32_BIT_CONVERSION = YES;
				GCC_WARN_ABOUT_RETURN_TYPE = YES_ERROR;
				GCC_WARN_UNDECLARED_SELECTOR = YES;
				GCC_WARN_UNINITIALIZED_AUTOS = YES_AGGRESSIVE;
				GCC_WARN_UNUSED_FUNCTION = YES;
				GCC_WARN_UNUSED_VARIABLE = YES;
				LOCALIZATION_PREFERS_STRING_CATALOGS = YES;
				MTL_ENABLE_DEBUG_INFO = INCLUDE_SOURCE;
				MTL_FAST_MATH = YES;
				ONLY_ACTIVE_ARCH = YES;
				SWIFT_ACTIVE_COMPILATION_CONDITIONS = "DEBUG $(inherited)";
				SWIFT_OPTIMIZATION_LEVEL = "-Onone";
			};
			name = Debug;
		};
		806BC37C2C5FCE1800796DE9 /* Release */ = {
			isa = XCBuildConfiguration;
			buildSettings = {
				ALWAYS_SEARCH_USER_PATHS = NO;
				ASSETCATALOG_COMPILER_GENERATE_SWIFT_ASSET_SYMBOL_EXTENSIONS = YES;
				CLANG_ANALYZER_NONNULL = YES;
				CLANG_ANALYZER_NUMBER_OBJECT_CONVERSION = YES_AGGRESSIVE;
				CLANG_CXX_LANGUAGE_STANDARD = "gnu++20";
				CLANG_ENABLE_MODULES = YES;
				CLANG_ENABLE_OBJC_ARC = YES;
				CLANG_ENABLE_OBJC_WEAK = YES;
				CLANG_WARN_BLOCK_CAPTURE_AUTORELEASING = YES;
				CLANG_WARN_BOOL_CONVERSION = YES;
				CLANG_WARN_COMMA = YES;
				CLANG_WARN_CONSTANT_CONVERSION = YES;
				CLANG_WARN_DEPRECATED_OBJC_IMPLEMENTATIONS = YES;
				CLANG_WARN_DIRECT_OBJC_ISA_USAGE = YES_ERROR;
				CLANG_WARN_DOCUMENTATION_COMMENTS = YES;
				CLANG_WARN_EMPTY_BODY = YES;
				CLANG_WARN_ENUM_CONVERSION = YES;
				CLANG_WARN_INFINITE_RECURSION = YES;
				CLANG_WARN_INT_CONVERSION = YES;
				CLANG_WARN_NON_LITERAL_NULL_CONVERSION = YES;
				CLANG_WARN_OBJC_IMPLICIT_RETAIN_SELF = YES;
				CLANG_WARN_OBJC_LITERAL_CONVERSION = YES;
				CLANG_WARN_OBJC_ROOT_CLASS = YES_ERROR;
				CLANG_WARN_QUOTED_INCLUDE_IN_FRAMEWORK_HEADER = YES;
				CLANG_WARN_RANGE_LOOP_ANALYSIS = YES;
				CLANG_WARN_STRICT_PROTOTYPES = YES;
				CLANG_WARN_SUSPICIOUS_MOVE = YES;
				CLANG_WARN_UNGUARDED_AVAILABILITY = YES_AGGRESSIVE;
				CLANG_WARN_UNREACHABLE_CODE = YES;
				CLANG_WARN__DUPLICATE_METHOD_MATCH = YES;
				COPY_PHASE_STRIP = NO;
				DEAD_CODE_STRIPPING = YES;
				DEBUG_INFORMATION_FORMAT = "dwarf-with-dsym";
				ENABLE_NS_ASSERTIONS = NO;
				ENABLE_STRICT_OBJC_MSGSEND = YES;
				ENABLE_USER_SCRIPT_SANDBOXING = YES;
				GCC_C_LANGUAGE_STANDARD = gnu17;
				GCC_NO_COMMON_BLOCKS = YES;
				GCC_WARN_64_TO_32_BIT_CONVERSION = YES;
				GCC_WARN_ABOUT_RETURN_TYPE = YES_ERROR;
				GCC_WARN_UNDECLARED_SELECTOR = YES;
				GCC_WARN_UNINITIALIZED_AUTOS = YES_AGGRESSIVE;
				GCC_WARN_UNUSED_FUNCTION = YES;
				GCC_WARN_UNUSED_VARIABLE = YES;
				LOCALIZATION_PREFERS_STRING_CATALOGS = YES;
				MTL_ENABLE_DEBUG_INFO = NO;
				MTL_FAST_MATH = YES;
				SWIFT_COMPILATION_MODE = wholemodule;
			};
			name = Release;
		};
		806BC37E2C5FCE1800796DE9 /* Debug */ = {
			isa = XCBuildConfiguration;
			buildSettings = {
				CODE_SIGN_ENTITLEMENTS = "YoutubeDislikes Extension (iOS).entitlements";
				CODE_SIGN_STYLE = Automatic;
				CURRENT_PROJECT_VERSION = 1;
				DEVELOPMENT_TEAM = 89625ZHN6X;
				GENERATE_INFOPLIST_FILE = YES;
				INFOPLIST_FILE = "iOS (Extension)/Info.plist";
				INFOPLIST_KEY_CFBundleDisplayName = "ReturnDislikes Extension";
				INFOPLIST_KEY_NSHumanReadableCopyright = "";
				IPHONEOS_DEPLOYMENT_TARGET = 15.0;
				LD_RUNPATH_SEARCH_PATHS = (
					"$(inherited)",
					"@executable_path/Frameworks",
					"@executable_path/../../Frameworks",
				);
				MARKETING_VERSION = 1.1.1;
				OTHER_LDFLAGS = (
					"-framework",
					SafariServices,
				);
				PRODUCT_BUNDLE_IDENTIFIER = com.kibbewater.YoutubeDislikes.Extension;
				PRODUCT_NAME = "Return Dislikes Extension";
				SDKROOT = iphoneos;
				SKIP_INSTALL = YES;
				SWIFT_EMIT_LOC_STRINGS = YES;
				SWIFT_VERSION = 5.0;
				TARGETED_DEVICE_FAMILY = "1,2";
			};
			name = Debug;
		};
		806BC37F2C5FCE1800796DE9 /* Release */ = {
			isa = XCBuildConfiguration;
			buildSettings = {
				CODE_SIGN_ENTITLEMENTS = "YoutubeDislikes Extension (iOS).entitlements";
				CODE_SIGN_STYLE = Automatic;
				CURRENT_PROJECT_VERSION = 1;
				DEVELOPMENT_TEAM = 89625ZHN6X;
				GENERATE_INFOPLIST_FILE = YES;
				INFOPLIST_FILE = "iOS (Extension)/Info.plist";
				INFOPLIST_KEY_CFBundleDisplayName = "ReturnDislikes Extension";
				INFOPLIST_KEY_NSHumanReadableCopyright = "";
				IPHONEOS_DEPLOYMENT_TARGET = 15.0;
				LD_RUNPATH_SEARCH_PATHS = (
					"$(inherited)",
					"@executable_path/Frameworks",
					"@executable_path/../../Frameworks",
				);
				MARKETING_VERSION = 1.1.1;
				OTHER_LDFLAGS = (
					"-framework",
					SafariServices,
				);
				PRODUCT_BUNDLE_IDENTIFIER = com.kibbewater.YoutubeDislikes.Extension;
				PRODUCT_NAME = "Return Dislikes Extension";
				SDKROOT = iphoneos;
				SKIP_INSTALL = YES;
				SWIFT_EMIT_LOC_STRINGS = YES;
				SWIFT_VERSION = 5.0;
				TARGETED_DEVICE_FAMILY = "1,2";
				VALIDATE_PRODUCT = YES;
			};
			name = Release;
		};
		806BC3822C5FCE1800796DE9 /* Debug */ = {
			isa = XCBuildConfiguration;
			buildSettings = {
				ASSETCATALOG_COMPILER_APPICON_NAME = AppIcon;
				ASSETCATALOG_COMPILER_GLOBAL_ACCENT_COLOR_NAME = AccentColor;
				CODE_SIGN_ENTITLEMENTS = "YoutubeDislikes (iOS).entitlements";
				CODE_SIGN_IDENTITY = "Apple Development";
				CODE_SIGN_STYLE = Automatic;
				CURRENT_PROJECT_VERSION = 1;
				DEVELOPMENT_TEAM = 89625ZHN6X;
				GENERATE_INFOPLIST_FILE = YES;
				INFOPLIST_FILE = "iOS (App)/Info.plist";
				INFOPLIST_KEY_CFBundleDisplayName = "Return Dislikes";
				INFOPLIST_KEY_LSApplicationCategoryType = "public.app-category.utilities";
				INFOPLIST_KEY_UIApplicationSupportsIndirectInputEvents = YES;
				INFOPLIST_KEY_UILaunchStoryboardName = LaunchScreen;
				INFOPLIST_KEY_UIMainStoryboardFile = Main;
				INFOPLIST_KEY_UISupportedInterfaceOrientations = "UIInterfaceOrientationPortrait UIInterfaceOrientationLandscapeLeft UIInterfaceOrientationLandscapeRight";
				INFOPLIST_KEY_UISupportedInterfaceOrientations_iPad = "UIInterfaceOrientationPortrait UIInterfaceOrientationPortraitUpsideDown UIInterfaceOrientationLandscapeLeft UIInterfaceOrientationLandscapeRight";
				IPHONEOS_DEPLOYMENT_TARGET = 15.0;
				LD_RUNPATH_SEARCH_PATHS = (
					"$(inherited)",
					"@executable_path/Frameworks",
				);
				MARKETING_VERSION = 1.2.0;
				OTHER_LDFLAGS = (
					"-framework",
					SafariServices,
					"-framework",
					WebKit,
				);
				PRODUCT_BUNDLE_IDENTIFIER = com.kibbewater.YoutubeDislikes;
				PRODUCT_NAME = "Return Dislikes";
				PROVISIONING_PROFILE_SPECIFIER = "";
				SDKROOT = iphoneos;
				SWIFT_EMIT_LOC_STRINGS = YES;
				SWIFT_VERSION = 5.0;
				TARGETED_DEVICE_FAMILY = "1,2";
			};
			name = Debug;
		};
		806BC3832C5FCE1800796DE9 /* Release */ = {
			isa = XCBuildConfiguration;
			buildSettings = {
				ASSETCATALOG_COMPILER_APPICON_NAME = AppIcon;
				ASSETCATALOG_COMPILER_GLOBAL_ACCENT_COLOR_NAME = AccentColor;
				CODE_SIGN_ENTITLEMENTS = "YoutubeDislikes (iOS).entitlements";
				CODE_SIGN_IDENTITY = "Apple Development";
				CODE_SIGN_STYLE = Automatic;
				CURRENT_PROJECT_VERSION = 1;
				DEVELOPMENT_TEAM = 89625ZHN6X;
				GENERATE_INFOPLIST_FILE = YES;
				INFOPLIST_FILE = "iOS (App)/Info.plist";
				INFOPLIST_KEY_CFBundleDisplayName = "Return Dislikes";
				INFOPLIST_KEY_LSApplicationCategoryType = "public.app-category.utilities";
				INFOPLIST_KEY_UIApplicationSupportsIndirectInputEvents = YES;
				INFOPLIST_KEY_UILaunchStoryboardName = LaunchScreen;
				INFOPLIST_KEY_UIMainStoryboardFile = Main;
				INFOPLIST_KEY_UISupportedInterfaceOrientations = "UIInterfaceOrientationPortrait UIInterfaceOrientationLandscapeLeft UIInterfaceOrientationLandscapeRight";
				INFOPLIST_KEY_UISupportedInterfaceOrientations_iPad = "UIInterfaceOrientationPortrait UIInterfaceOrientationPortraitUpsideDown UIInterfaceOrientationLandscapeLeft UIInterfaceOrientationLandscapeRight";
				IPHONEOS_DEPLOYMENT_TARGET = 15.0;
				LD_RUNPATH_SEARCH_PATHS = (
					"$(inherited)",
					"@executable_path/Frameworks",
				);
				MARKETING_VERSION = 1.2.0;
				OTHER_LDFLAGS = (
					"-framework",
					SafariServices,
					"-framework",
					WebKit,
				);
				PRODUCT_BUNDLE_IDENTIFIER = com.kibbewater.YoutubeDislikes;
				PRODUCT_NAME = "Return Dislikes";
				PROVISIONING_PROFILE_SPECIFIER = "";
				SDKROOT = iphoneos;
				SWIFT_EMIT_LOC_STRINGS = YES;
				SWIFT_VERSION = 5.0;
				TARGETED_DEVICE_FAMILY = "1,2";
				VALIDATE_PRODUCT = YES;
			};
			name = Release;
		};
		806BC3852C5FCE1800796DE9 /* Debug */ = {
			isa = XCBuildConfiguration;
			buildSettings = {
				CODE_SIGN_ENTITLEMENTS = "macOS (Extension)/YoutubeDislikes.entitlements";
				CODE_SIGN_STYLE = Automatic;
				CURRENT_PROJECT_VERSION = 1;
				DEAD_CODE_STRIPPING = YES;
				DEVELOPMENT_TEAM = 89625ZHN6X;
				ENABLE_HARDENED_RUNTIME = YES;
				GENERATE_INFOPLIST_FILE = YES;
				INFOPLIST_FILE = "macOS (Extension)/Info.plist";
				INFOPLIST_KEY_CFBundleDisplayName = "ReturnDislikes Extension";
				INFOPLIST_KEY_NSHumanReadableCopyright = "";
				LD_RUNPATH_SEARCH_PATHS = (
					"$(inherited)",
					"@executable_path/../Frameworks",
					"@executable_path/../../../../Frameworks",
				);
				MACOSX_DEPLOYMENT_TARGET = 11.0;
				MARKETING_VERSION = 1.1.1;
				OTHER_LDFLAGS = (
					"-framework",
					SafariServices,
				);
				PRODUCT_BUNDLE_IDENTIFIER = com.kibbewater.YoutubeDislikes.Extension;
				PRODUCT_NAME = "Return Dislikes Extension";
				SDKROOT = macosx;
				SKIP_INSTALL = YES;
				SWIFT_EMIT_LOC_STRINGS = YES;
				SWIFT_VERSION = 5.0;
			};
			name = Debug;
		};
		806BC3862C5FCE1800796DE9 /* Release */ = {
			isa = XCBuildConfiguration;
			buildSettings = {
				CODE_SIGN_ENTITLEMENTS = "macOS (Extension)/YoutubeDislikes.entitlements";
				CODE_SIGN_STYLE = Automatic;
				CURRENT_PROJECT_VERSION = 1;
				DEAD_CODE_STRIPPING = YES;
				DEVELOPMENT_TEAM = 89625ZHN6X;
				ENABLE_HARDENED_RUNTIME = YES;
				GENERATE_INFOPLIST_FILE = YES;
				INFOPLIST_FILE = "macOS (Extension)/Info.plist";
				INFOPLIST_KEY_CFBundleDisplayName = "ReturnDislikes Extension";
				INFOPLIST_KEY_NSHumanReadableCopyright = "";
				LD_RUNPATH_SEARCH_PATHS = (
					"$(inherited)",
					"@executable_path/../Frameworks",
					"@executable_path/../../../../Frameworks",
				);
				MACOSX_DEPLOYMENT_TARGET = 11.0;
				MARKETING_VERSION = 1.1.1;
				OTHER_LDFLAGS = (
					"-framework",
					SafariServices,
				);
				PRODUCT_BUNDLE_IDENTIFIER = com.kibbewater.YoutubeDislikes.Extension;
				PRODUCT_NAME = "Return Dislikes Extension";
				SDKROOT = macosx;
				SKIP_INSTALL = YES;
				SWIFT_EMIT_LOC_STRINGS = YES;
				SWIFT_VERSION = 5.0;
			};
			name = Release;
		};
		806BC3892C5FCE1800796DE9 /* Debug */ = {
			isa = XCBuildConfiguration;
			buildSettings = {
				ASSETCATALOG_COMPILER_APPICON_NAME = AppIcon;
				ASSETCATALOG_COMPILER_GLOBAL_ACCENT_COLOR_NAME = AccentColor;
				CODE_SIGN_ENTITLEMENTS = "macOS (App)/YoutubeDislikes.entitlements";
				CODE_SIGN_IDENTITY = "Apple Development";
				CODE_SIGN_STYLE = Automatic;
				CURRENT_PROJECT_VERSION = 1;
				DEAD_CODE_STRIPPING = YES;
				DEVELOPMENT_TEAM = 89625ZHN6X;
				ENABLE_HARDENED_RUNTIME = YES;
				GENERATE_INFOPLIST_FILE = YES;
				INFOPLIST_KEY_CFBundleDisplayName = "Return Dislikes";
				INFOPLIST_KEY_LSApplicationCategoryType = "public.app-category.utilities";
				INFOPLIST_KEY_NSMainStoryboardFile = Main;
				INFOPLIST_KEY_NSPrincipalClass = NSApplication;
				LD_RUNPATH_SEARCH_PATHS = (
					"$(inherited)",
					"@executable_path/../Frameworks",
				);
				MACOSX_DEPLOYMENT_TARGET = 11.0;
				MARKETING_VERSION = 1.2.0;
				OTHER_LDFLAGS = (
					"-framework",
					SafariServices,
					"-framework",
					WebKit,
				);
				PRODUCT_BUNDLE_IDENTIFIER = com.kibbewater.YoutubeDislikes;
				PRODUCT_NAME = "Return Dislikes";
				PROVISIONING_PROFILE_SPECIFIER = "";
				SDKROOT = macosx;
				SWIFT_EMIT_LOC_STRINGS = YES;
				SWIFT_VERSION = 5.0;
			};
			name = Debug;
		};
		806BC38A2C5FCE1800796DE9 /* Release */ = {
			isa = XCBuildConfiguration;
			buildSettings = {
				ASSETCATALOG_COMPILER_APPICON_NAME = AppIcon;
				ASSETCATALOG_COMPILER_GLOBAL_ACCENT_COLOR_NAME = AccentColor;
				CODE_SIGN_ENTITLEMENTS = "macOS (App)/YoutubeDislikes.entitlements";
				CODE_SIGN_IDENTITY = "Apple Development";
				CODE_SIGN_STYLE = Automatic;
				CURRENT_PROJECT_VERSION = 1;
				DEAD_CODE_STRIPPING = YES;
				DEVELOPMENT_TEAM = 89625ZHN6X;
				ENABLE_HARDENED_RUNTIME = YES;
				GENERATE_INFOPLIST_FILE = YES;
				INFOPLIST_KEY_CFBundleDisplayName = "Return Dislikes";
				INFOPLIST_KEY_LSApplicationCategoryType = "public.app-category.utilities";
				INFOPLIST_KEY_NSMainStoryboardFile = Main;
				INFOPLIST_KEY_NSPrincipalClass = NSApplication;
				LD_RUNPATH_SEARCH_PATHS = (
					"$(inherited)",
					"@executable_path/../Frameworks",
				);
				MACOSX_DEPLOYMENT_TARGET = 11.0;
				MARKETING_VERSION = 1.2.0;
				OTHER_LDFLAGS = (
					"-framework",
					SafariServices,
					"-framework",
					WebKit,
				);
				PRODUCT_BUNDLE_IDENTIFIER = com.kibbewater.YoutubeDislikes;
				PRODUCT_NAME = "Return Dislikes";
				PROVISIONING_PROFILE_SPECIFIER = "";
				SDKROOT = macosx;
				SWIFT_EMIT_LOC_STRINGS = YES;
				SWIFT_VERSION = 5.0;
			};
			name = Release;
		};
/* End XCBuildConfiguration section */

/* Begin XCConfigurationList section */
		806BC3152C5FCE1700796DE9 /* Build configuration list for PBXProject "YoutubeDislikes" */ = {
			isa = XCConfigurationList;
			buildConfigurations = (
				806BC37B2C5FCE1800796DE9 /* Debug */,
				806BC37C2C5FCE1800796DE9 /* Release */,
			);
			defaultConfigurationIsVisible = 0;
			defaultConfigurationName = Release;
		};
		806BC37D2C5FCE1800796DE9 /* Build configuration list for PBXNativeTarget "YoutubeDislikes Extension (iOS)" */ = {
			isa = XCConfigurationList;
			buildConfigurations = (
				806BC37E2C5FCE1800796DE9 /* Debug */,
				806BC37F2C5FCE1800796DE9 /* Release */,
			);
			defaultConfigurationIsVisible = 0;
			defaultConfigurationName = Release;
		};
		806BC3812C5FCE1800796DE9 /* Build configuration list for PBXNativeTarget "YoutubeDislikes (iOS)" */ = {
			isa = XCConfigurationList;
			buildConfigurations = (
				806BC3822C5FCE1800796DE9 /* Debug */,
				806BC3832C5FCE1800796DE9 /* Release */,
			);
			defaultConfigurationIsVisible = 0;
			defaultConfigurationName = Release;
		};
		806BC3842C5FCE1800796DE9 /* Build configuration list for PBXNativeTarget "YoutubeDislikes Extension (macOS)" */ = {
			isa = XCConfigurationList;
			buildConfigurations = (
				806BC3852C5FCE1800796DE9 /* Debug */,
				806BC3862C5FCE1800796DE9 /* Release */,
			);
			defaultConfigurationIsVisible = 0;
			defaultConfigurationName = Release;
		};
		806BC3882C5FCE1800796DE9 /* Build configuration list for PBXNativeTarget "YoutubeDislikes (macOS)" */ = {
			isa = XCConfigurationList;
			buildConfigurations = (
				806BC3892C5FCE1800796DE9 /* Debug */,
				806BC38A2C5FCE1800796DE9 /* Release */,
			);
			defaultConfigurationIsVisible = 0;
			defaultConfigurationName = Release;
		};
/* End XCConfigurationList section */
	};
	rootObject = 806BC3122C5FCE1700796DE9 /* Project object */;
}
